// !$*UTF8*$!
{
	archiveVersion = 1;
	classes = {
	};
	objectVersion = 56;
	objects = {

/* Begin PBXBuildFile section */
		8A3EECAEB58D4B3FBDEE2284 /* Authentication.swift in Sources */ = {isa = PBXBuildFile; fileRef = 3F22E07AA2C846748400FC1E /* Authentication.swift */; };
		9F4326D4095E4240B8A707C5 /* CRCConstants.swift in Sources */ = {isa = PBXBuildFile; fileRef = 3A7F6E2D69DE4BB28EC22830 /* CRCConstants.swift */; };
		8ED14D29BB4241B09980D89C /* CookieItem.swift in Sources */ = {isa = PBXBuildFile; fileRef = 2E6B0D4C55BB4CD19A5EABD7 /* CookieItem.swift */; };
		DB0641E26AA242D285CF6692 /* EnvironmentProfile.swift in Sources */ = {isa = PBXBuildFile; fileRef = 07BC69BC072C4077AD00CFBD /* EnvironmentProfile.swift */; };
		AB3F02F4055F4159BFB1F861 /* FileAttachment.swift in Sources */ = {isa = PBXBuildFile; fileRef = 153CD93704094FCD930EAE68 /* FileAttachment.swift */; };
		7B127A7D8D2149BD9F3CA2F2 /* HTTPMethod.swift in Sources */ = {isa = PBXBuildFile; fileRef = 3F0606A602EF42B4BEF39E33 /* HTTPMethod.swift */; };
		E81B185C636144D0BA3C160C /* HistoryItem.swift in Sources */ = {isa = PBXBuildFile; fileRef = F0FAE76F9DEC4C74B9145B00 /* HistoryItem.swift */; };
		B18E779597F04E609C46B894 /* KeyValuePair.swift in Sources */ = {isa = PBXBuildFile; fileRef = E36829E99E5B4DCB9820BEFF /* KeyValuePair.swift */; };
		EA01ADC534F64F399492E29F /* RequestFolder.swift in Sources */ = {isa = PBXBuildFile; fileRef = 3D38FCB715FE4AEBA61E294D /* RequestFolder.swift */; };
		88FE88FCABB743F59ED3C028 /* RestRequest.swift in Sources */ = {isa = PBXBuildFile; fileRef = 1325E081F65F4C43BEAEAB60 /* RestRequest.swift */; };
		A398ED141C804B0C913AE6B2 /* TestAssertion.swift in Sources */ = {isa = PBXBuildFile; fileRef = 7070DA3309934839BB2F9762 /* TestAssertion.swift */; };
		E8A80F26E4D7457CAEB45BB0 /* WorkspaceModel.swift in Sources */ = {isa = PBXBuildFile; fileRef = E44F8C1575A6489CB2757447 /* WorkspaceModel.swift */; };
		BDE6F5684684497D9B69F5AC /* CodeGenerator.swift in Sources */ = {isa = PBXBuildFile; fileRef = F93CCC4130554C58A7749FD1 /* CodeGenerator.swift */; };
		35B897B33F0540F7956EECA8 /* CommonHeaders.swift in Sources */ = {isa = PBXBuildFile; fileRef = 22E20F83E7334637B62D7979 /* CommonHeaders.swift */; };
		6B9AAE13170F4603A50715E2 /* CookieJarStore.swift in Sources */ = {isa = PBXBuildFile; fileRef = 25EC959A4F2D46BEAB228318 /* CookieJarStore.swift */; };
		66AC2A766F534B6093DA7B30 /* CurlCommandGenerator.swift in Sources */ = {isa = PBXBuildFile; fileRef = A3FDD4B476EE4FCC8DACA05B /* CurlCommandGenerator.swift */; };
		D5D3C8E884544431B98066BC /* CurlParser.swift in Sources */ = {isa = PBXBuildFile; fileRef = E9B633E69B314D69BC874959 /* CurlParser.swift */; };
		DF00C27380BF4E1B9A45B69D /* DiffEngine.swift in Sources */ = {isa = PBXBuildFile; fileRef = 5D0101E94FC346F3A8221DFA /* DiffEngine.swift */; };
		CD3D20E3EBB94AF9811B378F /* EnvironmentStore.swift in Sources */ = {isa = PBXBuildFile; fileRef = 25255C38383C422C802ED821 /* EnvironmentStore.swift */; };
		4265BDF0F75B466A98B9A83B /* EnvironmentVariableResolver.swift in Sources */ = {isa = PBXBuildFile; fileRef = 5A205C767E514E8DB3EFF4F3 /* EnvironmentVariableResolver.swift */; };
		564424BC108841EC85AF6145 /* GitSyncService.swift in Sources */ = {isa = PBXBuildFile; fileRef = E8E18D58558043F3BCBCB8AE /* GitSyncService.swift */; };
		6FA17FD1BA8746B18417F5CB /* HistoryStore.swift in Sources */ = {isa = PBXBuildFile; fileRef = AAD5D14D8F8C4EF8A1A21B02 /* HistoryStore.swift */; };
		802964F6307D4E72863E9906 /* NetworkEngine.swift in Sources */ = {isa = PBXBuildFile; fileRef = E6988A6B831941A694499277 /* NetworkEngine.swift */; };
		D5FAA77206474ADCB229376B /* OpenAPIImporter.swift in Sources */ = {isa = PBXBuildFile; fileRef = 643B7C3648F8409B900FE2A7 /* OpenAPIImporter.swift */; };
		1FCF47CCCB45460A93CFEAB2 /* PostmanImporter.swift in Sources */ = {isa = PBXBuildFile; fileRef = 046DE87A0C58492891D746BD /* PostmanImporter.swift */; };
		96D03DD5C4AE4875ABEDFEEF /* RequestBodyBuilder.swift in Sources */ = {isa = PBXBuildFile; fileRef = 11F3DE55BFDF4AD4B33723AC /* RequestBodyBuilder.swift */; };
		7E1ED81A79A94529A79BAB0D /* ResponseFormatter.swift in Sources */ = {isa = PBXBuildFile; fileRef = 7CAAFFEBE3A245C9B6D5975C /* ResponseFormatter.swift */; };
		CB091668671A4CECB6EAC973 /* SSEEngine.swift in Sources */ = {isa = PBXBuildFile; fileRef = 8B724C72936746C4857326F7 /* SSEEngine.swift */; };
		1529AEB6A2F645829C8BFC66 /* SavedRequestsStore.swift in Sources */ = {isa = PBXBuildFile; fileRef = 2881520E37334D5198DCBB05 /* SavedRequestsStore.swift */; };
		F909F913EF974518980776BF /* SyntaxHighlighter.swift in Sources */ = {isa = PBXBuildFile; fileRef = 2F747E9414E54864BAB1695F /* SyntaxHighlighter.swift */; };
		E7FF949436854A1288F17838 /* TestRunner.swift in Sources */ = {isa = PBXBuildFile; fileRef = 3F9BF9B772B04E31B05D013C /* TestRunner.swift */; };
		8785E3516FDD497D860BD6AD /* VariableExtractor.swift in Sources */ = {isa = PBXBuildFile; fileRef = EE1EA81F16E7492285B64E58 /* VariableExtractor.swift */; };
		48F982EF7B3D48FABA9C9B05 /* WebSocketEngine.swift in Sources */ = {isa = PBXBuildFile; fileRef = 03E0BBB281794E2BA1626AC3 /* WebSocketEngine.swift */; };
		5EC14249F51345E887F4D787 /* WorkspaceStore.swift in Sources */ = {isa = PBXBuildFile; fileRef = 739A9659FBFA4B38A1AF5D04 /* WorkspaceStore.swift */; };
		057438BC0E08459BADFB8355 /* CocoaRestClientApp.swift in Sources */ = {isa = PBXBuildFile; fileRef = 7C75BCBCC92F465CAD011CCC /* CocoaRestClientApp.swift */; };
		A4158C96C2AA4B5BA40FC68D /* DiffViewModel.swift in Sources */ = {isa = PBXBuildFile; fileRef = 653286A69A5044FEB1D13F0E /* DiffViewModel.swift */; };
		4E9F4026930C4FE3AFCCB6BB /* EnvironmentViewModel.swift in Sources */ = {isa = PBXBuildFile; fileRef = 8EB5EFE037614D3CAA92A4C8 /* EnvironmentViewModel.swift */; };
		F6DB3114D77C402A8BE8AFD1 /* HistoryViewModel.swift in Sources */ = {isa = PBXBuildFile; fileRef = 32D674735152475C868621B6 /* HistoryViewModel.swift */; };
		D54016884B6A45A5BB1DBEF1 /* PreferencesViewModel.swift in Sources */ = {isa = PBXBuildFile; fileRef = BA9853DA49B74200AFB4375D /* PreferencesViewModel.swift */; };
		7A06AF445A5E491C9EC1E09B /* RequestTabViewModel.swift in Sources */ = {isa = PBXBuildFile; fileRef = 64FDBD460B634551A528487B /* RequestTabViewModel.swift */; };
		722B228D14E74C5D8B6B03DD /* SavedRequestsViewModel.swift in Sources */ = {isa = PBXBuildFile; fileRef = 560EE319C6644046ABDC18CA /* SavedRequestsViewModel.swift */; };
		38FCDCE7CF784BB4A69AC532 /* WorkspaceManagerViewModel.swift in Sources */ = {isa = PBXBuildFile; fileRef = 321CDEC9FA004DA6870BA9CD /* WorkspaceManagerViewModel.swift */; };
		620EFA9B5C7F447DBA1D4BE4 /* WorkspaceViewModel.swift in Sources */ = {isa = PBXBuildFile; fileRef = 91377B51500E4BEF8B2D514A /* WorkspaceViewModel.swift */; };
		8D738E5BDA234E9FAD4D3DE4 /* KeyValueEditorTable.swift in Sources */ = {isa = PBXBuildFile; fileRef = E509FC23B6204658824F8468 /* KeyValueEditorTable.swift */; };
		EB1F10B45F854D6496FB9929 /* StatusBadgeView.swift in Sources */ = {isa = PBXBuildFile; fileRef = 93B89B1037E44BF8A85B1725 /* StatusBadgeView.swift */; };
		2D2953ECB01D43FEBDCD4F5C /* SyntaxTextEditorView.swift in Sources */ = {isa = PBXBuildFile; fileRef = 5158F8B3B3B441248AC853BE /* SyntaxTextEditorView.swift */; };
		21D7759BC29D4E15BB8E9C2E /* MainView.swift in Sources */ = {isa = PBXBuildFile; fileRef = 85D1CBE9CB364F4F8A2E7120 /* MainView.swift */; };
		2EDA41BFC6C44703B47484E6 /* CloneWorkspaceSheetView.swift in Sources */ = {isa = PBXBuildFile; fileRef = D3CA96F1E8214FA7A2AB5A50 /* CloneWorkspaceSheetView.swift */; };
		5D77CEB08B54430982C3FB02 /* CodeGeneratorSheetView.swift in Sources */ = {isa = PBXBuildFile; fileRef = CA0E3C2F5FB941A68C63FAB4 /* CodeGeneratorSheetView.swift */; };
		DE08889DD46A4EFC89DBE337 /* CookieManagerSheetView.swift in Sources */ = {isa = PBXBuildFile; fileRef = EE6F0572162E4F94B5C8A96D /* CookieManagerSheetView.swift */; };
		FC25578198D9442792EB615E /* CurlImportSheetView.swift in Sources */ = {isa = PBXBuildFile; fileRef = 705A9B513BAA4C4F9825AA9C /* CurlImportSheetView.swift */; };
		13EE33F83A7A498DBA2C8FDA /* DiffSheetView.swift in Sources */ = {isa = PBXBuildFile; fileRef = FFE000716B5F462D8035FD20 /* DiffSheetView.swift */; };
		E8C14E51A8C24AF5B8300F15 /* EnvironmentManagerSheetView.swift in Sources */ = {isa = PBXBuildFile; fileRef = 98E7CE2837B74B499DB55AFB /* EnvironmentManagerSheetView.swift */; };
		11A0794A3C1F45E080F9D38F /* ExportImportSheetView.swift in Sources */ = {isa = PBXBuildFile; fileRef = 122D24CAA8524C68B1BC812E /* ExportImportSheetView.swift */; };
		F367D8EF96AB466BA4054AC6 /* FastSearchSheetView.swift in Sources */ = {isa = PBXBuildFile; fileRef = 4C107D2E331648158881B81B /* FastSearchSheetView.swift */; };
		135888D6A22641119848752E /* SaveRequestSheetView.swift in Sources */ = {isa = PBXBuildFile; fileRef = 8144CEB0A36A4238AC4B85B5 /* SaveRequestSheetView.swift */; };
		A96D55F1F8CC4797ACF61586 /* WorkspaceManagerSheetView.swift in Sources */ = {isa = PBXBuildFile; fileRef = 24108ED532E9404C92DA48CC /* WorkspaceManagerSheetView.swift */; };
		6BDB40737D6B40BA98C25906 /* PreferencesView.swift in Sources */ = {isa = PBXBuildFile; fileRef = 636E33C8B29E407D82D473DF /* PreferencesView.swift */; };
		8AF69200DA5441EBAA3D3CB3 /* WebSocketClientView.swift in Sources */ = {isa = PBXBuildFile; fileRef = 54884C1147064DCCA0745D80 /* WebSocketClientView.swift */; };
		FD75E2280BB64043972269AE /* AuthEditorView.swift in Sources */ = {isa = PBXBuildFile; fileRef = 9914DE47A2C84AD6B444CF6D /* AuthEditorView.swift */; };
		8A7916BF3E044C82882CAD56 /* FilesTableView.swift in Sources */ = {isa = PBXBuildFile; fileRef = 727586795AAF4FBAB0AEB1A1 /* FilesTableView.swift */; };
		3F3BA9E5D4724193A643BF9D /* GraphQLBodyEditorView.swift in Sources */ = {isa = PBXBuildFile; fileRef = 4D802691373D4E5EA3FA2477 /* GraphQLBodyEditorView.swift */; };
		48C81961962F4E74862AE9F1 /* HeadersTableView.swift in Sources */ = {isa = PBXBuildFile; fileRef = 305711B0D2F6499F8ADAA6C3 /* HeadersTableView.swift */; };
		6F8AB17A84BC4EC6ADCE317D /* ParamsTableView.swift in Sources */ = {isa = PBXBuildFile; fileRef = 74C9E67B32BE411FBAAEAC5F /* ParamsTableView.swift */; };
		84D322190E2A43139694672F /* RequestBodyEditorView.swift in Sources */ = {isa = PBXBuildFile; fileRef = 8B3758CC02CB4181B8DF0E68 /* RequestBodyEditorView.swift */; };
		E4FCE045D6ED448A96992CA3 /* RequestHeaderBar.swift in Sources */ = {isa = PBXBuildFile; fileRef = 7E17ECF41E054BDC922D2BF0 /* RequestHeaderBar.swift */; };
		C7BE67A1E1584EEF95C00257 /* TestsEditorView.swift in Sources */ = {isa = PBXBuildFile; fileRef = 7D71DF87C5DD48559041EFB0 /* TestsEditorView.swift */; };
		7C7C0071F8D84562B819D743 /* HTMLPreviewView.swift in Sources */ = {isa = PBXBuildFile; fileRef = 3E077693606F4F5B8A6E504B /* HTMLPreviewView.swift */; };
		ECB1DA9CF6894D2F88801CBC /* ImageViewerView.swift in Sources */ = {isa = PBXBuildFile; fileRef = 6E503677ADFB4921B8DBD8A3 /* ImageViewerView.swift */; };
		C5A75B09D9D945EE8A9DC896 /* ResponseHeadersView.swift in Sources */ = {isa = PBXBuildFile; fileRef = 9D80374856E34B35AE3DBC80 /* ResponseHeadersView.swift */; };
		4C53094989DC4145928A05F2 /* ResponseViewerView.swift in Sources */ = {isa = PBXBuildFile; fileRef = 7528072C465C47A6A69966FE /* ResponseViewerView.swift */; };
		4F08C2B351A646658855FDC1 /* SentHeadersView.swift in Sources */ = {isa = PBXBuildFile; fileRef = 827BF60C80ED488694F25AD2 /* SentHeadersView.swift */; };
		08C98FF3DAC24DFA8E070D59 /* HistorySidebarView.swift in Sources */ = {isa = PBXBuildFile; fileRef = D59959A122AB47FD8058F679 /* HistorySidebarView.swift */; };
		88600931FB25488BAE218BB1 /* SavedRequestsSidebarView.swift in Sources */ = {isa = PBXBuildFile; fileRef = 0AF693C5EAF540B89EDA2B22 /* SavedRequestsSidebarView.swift */; };
		76E7F5153A104663B9574648 /* WorkspaceSwitcherHeaderView.swift in Sources */ = {isa = PBXBuildFile; fileRef = FF71230DE0244DF59263A401 /* WorkspaceSwitcherHeaderView.swift */; };
		6A21FC6B7F19466DBCA93D15 /* CodeGeneratorTests.swift in Sources */ = {isa = PBXBuildFile; fileRef = 2008B087387C412881FF5255 /* CodeGeneratorTests.swift */; };
		B48442DFE4124234AF88FD0D /* CookieJarTests.swift in Sources */ = {isa = PBXBuildFile; fileRef = 37B0863C2AA94B84839EA267 /* CookieJarTests.swift */; };
		A228A61D60D744DCA3F8A0E5 /* CurlCommandGeneratorTests.swift in Sources */ = {isa = PBXBuildFile; fileRef = 9E5625082CEC40668FDF1DB5 /* CurlCommandGeneratorTests.swift */; };
		0EFF9A939B7E4B0F9CF8876D /* CurlParserTests.swift in Sources */ = {isa = PBXBuildFile; fileRef = 0D49A08A7904447DB3B1A2E1 /* CurlParserTests.swift */; };
		B1D576AD0EB4441AA24A2F44 /* DiffEngineTests.swift in Sources */ = {isa = PBXBuildFile; fileRef = 6BD0F61BF9104A9A82BB5F49 /* DiffEngineTests.swift */; };
		0B83E8FB25B64E1C8DEFA669 /* EnvironmentStoreTests.swift in Sources */ = {isa = PBXBuildFile; fileRef = 58100DEA6FA14B0C9BB0A196 /* EnvironmentStoreTests.swift */; };
		98395BC391434390A7F9FD27 /* EnvironmentVariableResolverTests.swift in Sources */ = {isa = PBXBuildFile; fileRef = B9E3B81323974401A7739D2F /* EnvironmentVariableResolverTests.swift */; };
		B984C4163E5A422E80AD689E /* GitSyncServiceTests.swift in Sources */ = {isa = PBXBuildFile; fileRef = 555F4C0F6ABF48BBA33F98AD /* GitSyncServiceTests.swift */; };
		F82FCCC96BA54EDCADCEBE22 /* HistoryStoreTests.swift in Sources */ = {isa = PBXBuildFile; fileRef = 69482D714E20416B97939839 /* HistoryStoreTests.swift */; };
		D12453DEA160437AA3A53CFB /* NetworkEngineTests.swift in Sources */ = {isa = PBXBuildFile; fileRef = 9643C177DD3644698E7A5889 /* NetworkEngineTests.swift */; };
		48E9F91DC21E44AAA4CF9567 /* OpenAPIImporterTests.swift in Sources */ = {isa = PBXBuildFile; fileRef = 8A2F0064724A437FB853023C /* OpenAPIImporterTests.swift */; };
		41DC8851EF854823959819CB /* PostmanImporterTests.swift in Sources */ = {isa = PBXBuildFile; fileRef = 8752E348D777480EAD82C82F /* PostmanImporterTests.swift */; };
		59F7AF8B08734B62AE0AC771 /* ResponseFormatterTests.swift in Sources */ = {isa = PBXBuildFile; fileRef = 3776788877F64DD2924A446B /* ResponseFormatterTests.swift */; };
		962D6CBBAD14484299092509 /* RestRequestTests.swift in Sources */ = {isa = PBXBuildFile; fileRef = 7257BF19E9AC42B396253175 /* RestRequestTests.swift */; };
		67A314C9BCD447328D353C46 /* SavedRequestsStoreTests.swift in Sources */ = {isa = PBXBuildFile; fileRef = 3135703ECCBA4B4B9723CAD0 /* SavedRequestsStoreTests.swift */; };
		FFF9E437E5D54E67A0416296 /* SyntaxHighlighterTests.swift in Sources */ = {isa = PBXBuildFile; fileRef = 5C062B955DE14211805EE735 /* SyntaxHighlighterTests.swift */; };
		37ECAF11BA404D1EB52078DE /* TestRunnerTests.swift in Sources */ = {isa = PBXBuildFile; fileRef = CB8922BB1A8440A8929AD5D3 /* TestRunnerTests.swift */; };
		7C40C564D2AD4E5498DB1A8F /* VariableExtractorTests.swift in Sources */ = {isa = PBXBuildFile; fileRef = 6B3DF3A3F1B946D598C8BE3F /* VariableExtractorTests.swift */; };
		0632BA7A1B3D43239228BBC9 /* WorkspaceStoreTests.swift in Sources */ = {isa = PBXBuildFile; fileRef = 91187284BB884910B7C9C297 /* WorkspaceStoreTests.swift */; };
		33033C8390654336B88C94E9 /* AppIcon.icns in Resources */ = {isa = PBXBuildFile; fileRef = C4DC341715BA4045889E215D /* AppIcon.icns */; };
		E573695A79F64784936C7ACB /* Assets.xcassets in Resources */ = {isa = PBXBuildFile; fileRef = 3F00BD5EA0C64D598F7B9790 /* Assets.xcassets */; };
		559F703194704DAAA3F63996 /* libCocoaRestClientCore.a in Frameworks */ = {isa = PBXBuildFile; fileRef = 733F3393CBB3479C98EFE00C /* libCocoaRestClientCore.a */; };
		163D10739DDD4F3A93A563F3 /* libCocoaRestClientCore.a in Frameworks */ = {isa = PBXBuildFile; fileRef = 733F3393CBB3479C98EFE00C /* libCocoaRestClientCore.a */; };
/* End PBXBuildFile section */

/* Begin PBXContainerItemProxy section */
		6B38F6F274554CBA943DF787 /* PBXContainerItemProxy */ = {
			isa = PBXContainerItemProxy;
			containerPortal = 54452FD53CD441F8B45659FC /* Project object */;
			proxyType = 1;
			remoteGlobalIDString = 80DC4BA8A20B4A52A0C7D677;
			remoteInfo = CocoaRestClientCore;
		};
		3343CA22D9D24720927F3458 /* PBXContainerItemProxy */ = {
			isa = PBXContainerItemProxy;
			containerPortal = 54452FD53CD441F8B45659FC /* Project object */;
			proxyType = 1;
			remoteGlobalIDString = 80DC4BA8A20B4A52A0C7D677;
			remoteInfo = CocoaRestClientCore;
		};
/* End PBXContainerItemProxy section */

/* Begin PBXFileReference section */
		7C75BCBCC92F465CAD011CCC /* CocoaRestClientApp.swift */ = {isa = PBXFileReference; lastKnownFileType = sourcecode.swift; path = "CocoaRestClientApp.swift"; sourceTree = "<group>"; };
		653286A69A5044FEB1D13F0E /* DiffViewModel.swift */ = {isa = PBXFileReference; lastKnownFileType = sourcecode.swift; path = "DiffViewModel.swift"; sourceTree = "<group>"; };
		8EB5EFE037614D3CAA92A4C8 /* EnvironmentViewModel.swift */ = {isa = PBXFileReference; lastKnownFileType = sourcecode.swift; path = "EnvironmentViewModel.swift"; sourceTree = "<group>"; };
		32D674735152475C868621B6 /* HistoryViewModel.swift */ = {isa = PBXFileReference; lastKnownFileType = sourcecode.swift; path = "HistoryViewModel.swift"; sourceTree = "<group>"; };
		BA9853DA49B74200AFB4375D /* PreferencesViewModel.swift */ = {isa = PBXFileReference; lastKnownFileType = sourcecode.swift; path = "PreferencesViewModel.swift"; sourceTree = "<group>"; };
		64FDBD460B634551A528487B /* RequestTabViewModel.swift */ = {isa = PBXFileReference; lastKnownFileType = sourcecode.swift; path = "RequestTabViewModel.swift"; sourceTree = "<group>"; };
		560EE319C6644046ABDC18CA /* SavedRequestsViewModel.swift */ = {isa = PBXFileReference; lastKnownFileType = sourcecode.swift; path = "SavedRequestsViewModel.swift"; sourceTree = "<group>"; };
		321CDEC9FA004DA6870BA9CD /* WorkspaceManagerViewModel.swift */ = {isa = PBXFileReference; lastKnownFileType = sourcecode.swift; path = "WorkspaceManagerViewModel.swift"; sourceTree = "<group>"; };
		91377B51500E4BEF8B2D514A /* WorkspaceViewModel.swift */ = {isa = PBXFileReference; lastKnownFileType = sourcecode.swift; path = "WorkspaceViewModel.swift"; sourceTree = "<group>"; };
		E509FC23B6204658824F8468 /* KeyValueEditorTable.swift */ = {isa = PBXFileReference; lastKnownFileType = sourcecode.swift; path = "KeyValueEditorTable.swift"; sourceTree = "<group>"; };
		93B89B1037E44BF8A85B1725 /* StatusBadgeView.swift */ = {isa = PBXFileReference; lastKnownFileType = sourcecode.swift; path = "StatusBadgeView.swift"; sourceTree = "<group>"; };
		5158F8B3B3B441248AC853BE /* SyntaxTextEditorView.swift */ = {isa = PBXFileReference; lastKnownFileType = sourcecode.swift; path = "SyntaxTextEditorView.swift"; sourceTree = "<group>"; };
		85D1CBE9CB364F4F8A2E7120 /* MainView.swift */ = {isa = PBXFileReference; lastKnownFileType = sourcecode.swift; path = "MainView.swift"; sourceTree = "<group>"; };
		D3CA96F1E8214FA7A2AB5A50 /* CloneWorkspaceSheetView.swift */ = {isa = PBXFileReference; lastKnownFileType = sourcecode.swift; path = "CloneWorkspaceSheetView.swift"; sourceTree = "<group>"; };
		CA0E3C2F5FB941A68C63FAB4 /* CodeGeneratorSheetView.swift */ = {isa = PBXFileReference; lastKnownFileType = sourcecode.swift; path = "CodeGeneratorSheetView.swift"; sourceTree = "<group>"; };
		EE6F0572162E4F94B5C8A96D /* CookieManagerSheetView.swift */ = {isa = PBXFileReference; lastKnownFileType = sourcecode.swift; path = "CookieManagerSheetView.swift"; sourceTree = "<group>"; };
		705A9B513BAA4C4F9825AA9C /* CurlImportSheetView.swift */ = {isa = PBXFileReference; lastKnownFileType = sourcecode.swift; path = "CurlImportSheetView.swift"; sourceTree = "<group>"; };
		FFE000716B5F462D8035FD20 /* DiffSheetView.swift */ = {isa = PBXFileReference; lastKnownFileType = sourcecode.swift; path = "DiffSheetView.swift"; sourceTree = "<group>"; };
		98E7CE2837B74B499DB55AFB /* EnvironmentManagerSheetView.swift */ = {isa = PBXFileReference; lastKnownFileType = sourcecode.swift; path = "EnvironmentManagerSheetView.swift"; sourceTree = "<group>"; };
		122D24CAA8524C68B1BC812E /* ExportImportSheetView.swift */ = {isa = PBXFileReference; lastKnownFileType = sourcecode.swift; path = "ExportImportSheetView.swift"; sourceTree = "<group>"; };
		4C107D2E331648158881B81B /* FastSearchSheetView.swift */ = {isa = PBXFileReference; lastKnownFileType = sourcecode.swift; path = "FastSearchSheetView.swift"; sourceTree = "<group>"; };
		8144CEB0A36A4238AC4B85B5 /* SaveRequestSheetView.swift */ = {isa = PBXFileReference; lastKnownFileType = sourcecode.swift; path = "SaveRequestSheetView.swift"; sourceTree = "<group>"; };
		24108ED532E9404C92DA48CC /* WorkspaceManagerSheetView.swift */ = {isa = PBXFileReference; lastKnownFileType = sourcecode.swift; path = "WorkspaceManagerSheetView.swift"; sourceTree = "<group>"; };
		636E33C8B29E407D82D473DF /* PreferencesView.swift */ = {isa = PBXFileReference; lastKnownFileType = sourcecode.swift; path = "PreferencesView.swift"; sourceTree = "<group>"; };
		54884C1147064DCCA0745D80 /* WebSocketClientView.swift */ = {isa = PBXFileReference; lastKnownFileType = sourcecode.swift; path = "WebSocketClientView.swift"; sourceTree = "<group>"; };
		9914DE47A2C84AD6B444CF6D /* AuthEditorView.swift */ = {isa = PBXFileReference; lastKnownFileType = sourcecode.swift; path = "AuthEditorView.swift"; sourceTree = "<group>"; };
		727586795AAF4FBAB0AEB1A1 /* FilesTableView.swift */ = {isa = PBXFileReference; lastKnownFileType = sourcecode.swift; path = "FilesTableView.swift"; sourceTree = "<group>"; };
		4D802691373D4E5EA3FA2477 /* GraphQLBodyEditorView.swift */ = {isa = PBXFileReference; lastKnownFileType = sourcecode.swift; path = "GraphQLBodyEditorView.swift"; sourceTree = "<group>"; };
		305711B0D2F6499F8ADAA6C3 /* HeadersTableView.swift */ = {isa = PBXFileReference; lastKnownFileType = sourcecode.swift; path = "HeadersTableView.swift"; sourceTree = "<group>"; };
		74C9E67B32BE411FBAAEAC5F /* ParamsTableView.swift */ = {isa = PBXFileReference; lastKnownFileType = sourcecode.swift; path = "ParamsTableView.swift"; sourceTree = "<group>"; };
		8B3758CC02CB4181B8DF0E68 /* RequestBodyEditorView.swift */ = {isa = PBXFileReference; lastKnownFileType = sourcecode.swift; path = "RequestBodyEditorView.swift"; sourceTree = "<group>"; };
		7E17ECF41E054BDC922D2BF0 /* RequestHeaderBar.swift */ = {isa = PBXFileReference; lastKnownFileType = sourcecode.swift; path = "RequestHeaderBar.swift"; sourceTree = "<group>"; };
		7D71DF87C5DD48559041EFB0 /* TestsEditorView.swift */ = {isa = PBXFileReference; lastKnownFileType = sourcecode.swift; path = "TestsEditorView.swift"; sourceTree = "<group>"; };
		3E077693606F4F5B8A6E504B /* HTMLPreviewView.swift */ = {isa = PBXFileReference; lastKnownFileType = sourcecode.swift; path = "HTMLPreviewView.swift"; sourceTree = "<group>"; };
		6E503677ADFB4921B8DBD8A3 /* ImageViewerView.swift */ = {isa = PBXFileReference; lastKnownFileType = sourcecode.swift; path = "ImageViewerView.swift"; sourceTree = "<group>"; };
		9D80374856E34B35AE3DBC80 /* ResponseHeadersView.swift */ = {isa = PBXFileReference; lastKnownFileType = sourcecode.swift; path = "ResponseHeadersView.swift"; sourceTree = "<group>"; };
		7528072C465C47A6A69966FE /* ResponseViewerView.swift */ = {isa = PBXFileReference; lastKnownFileType = sourcecode.swift; path = "ResponseViewerView.swift"; sourceTree = "<group>"; };
		827BF60C80ED488694F25AD2 /* SentHeadersView.swift */ = {isa = PBXFileReference; lastKnownFileType = sourcecode.swift; path = "SentHeadersView.swift"; sourceTree = "<group>"; };
		D59959A122AB47FD8058F679 /* HistorySidebarView.swift */ = {isa = PBXFileReference; lastKnownFileType = sourcecode.swift; path = "HistorySidebarView.swift"; sourceTree = "<group>"; };
		0AF693C5EAF540B89EDA2B22 /* SavedRequestsSidebarView.swift */ = {isa = PBXFileReference; lastKnownFileType = sourcecode.swift; path = "SavedRequestsSidebarView.swift"; sourceTree = "<group>"; };
		FF71230DE0244DF59263A401 /* WorkspaceSwitcherHeaderView.swift */ = {isa = PBXFileReference; lastKnownFileType = sourcecode.swift; path = "WorkspaceSwitcherHeaderView.swift"; sourceTree = "<group>"; };
		3F22E07AA2C846748400FC1E /* Authentication.swift */ = {isa = PBXFileReference; lastKnownFileType = sourcecode.swift; path = "Authentication.swift"; sourceTree = "<group>"; };
		3A7F6E2D69DE4BB28EC22830 /* CRCConstants.swift */ = {isa = PBXFileReference; lastKnownFileType = sourcecode.swift; path = "CRCConstants.swift"; sourceTree = "<group>"; };
		2E6B0D4C55BB4CD19A5EABD7 /* CookieItem.swift */ = {isa = PBXFileReference; lastKnownFileType = sourcecode.swift; path = "CookieItem.swift"; sourceTree = "<group>"; };
		07BC69BC072C4077AD00CFBD /* EnvironmentProfile.swift */ = {isa = PBXFileReference; lastKnownFileType = sourcecode.swift; path = "EnvironmentProfile.swift"; sourceTree = "<group>"; };
		153CD93704094FCD930EAE68 /* FileAttachment.swift */ = {isa = PBXFileReference; lastKnownFileType = sourcecode.swift; path = "FileAttachment.swift"; sourceTree = "<group>"; };
		3F0606A602EF42B4BEF39E33 /* HTTPMethod.swift */ = {isa = PBXFileReference; lastKnownFileType = sourcecode.swift; path = "HTTPMethod.swift"; sourceTree = "<group>"; };
		F0FAE76F9DEC4C74B9145B00 /* HistoryItem.swift */ = {isa = PBXFileReference; lastKnownFileType = sourcecode.swift; path = "HistoryItem.swift"; sourceTree = "<group>"; };
		E36829E99E5B4DCB9820BEFF /* KeyValuePair.swift */ = {isa = PBXFileReference; lastKnownFileType = sourcecode.swift; path = "KeyValuePair.swift"; sourceTree = "<group>"; };
		3D38FCB715FE4AEBA61E294D /* RequestFolder.swift */ = {isa = PBXFileReference; lastKnownFileType = sourcecode.swift; path = "RequestFolder.swift"; sourceTree = "<group>"; };
		1325E081F65F4C43BEAEAB60 /* RestRequest.swift */ = {isa = PBXFileReference; lastKnownFileType = sourcecode.swift; path = "RestRequest.swift"; sourceTree = "<group>"; };
		7070DA3309934839BB2F9762 /* TestAssertion.swift */ = {isa = PBXFileReference; lastKnownFileType = sourcecode.swift; path = "TestAssertion.swift"; sourceTree = "<group>"; };
		E44F8C1575A6489CB2757447 /* WorkspaceModel.swift */ = {isa = PBXFileReference; lastKnownFileType = sourcecode.swift; path = "WorkspaceModel.swift"; sourceTree = "<group>"; };
		F93CCC4130554C58A7749FD1 /* CodeGenerator.swift */ = {isa = PBXFileReference; lastKnownFileType = sourcecode.swift; path = "CodeGenerator.swift"; sourceTree = "<group>"; };
		22E20F83E7334637B62D7979 /* CommonHeaders.swift */ = {isa = PBXFileReference; lastKnownFileType = sourcecode.swift; path = "CommonHeaders.swift"; sourceTree = "<group>"; };
		25EC959A4F2D46BEAB228318 /* CookieJarStore.swift */ = {isa = PBXFileReference; lastKnownFileType = sourcecode.swift; path = "CookieJarStore.swift"; sourceTree = "<group>"; };
		A3FDD4B476EE4FCC8DACA05B /* CurlCommandGenerator.swift */ = {isa = PBXFileReference; lastKnownFileType = sourcecode.swift; path = "CurlCommandGenerator.swift"; sourceTree = "<group>"; };
		E9B633E69B314D69BC874959 /* CurlParser.swift */ = {isa = PBXFileReference; lastKnownFileType = sourcecode.swift; path = "CurlParser.swift"; sourceTree = "<group>"; };
		5D0101E94FC346F3A8221DFA /* DiffEngine.swift */ = {isa = PBXFileReference; lastKnownFileType = sourcecode.swift; path = "DiffEngine.swift"; sourceTree = "<group>"; };
		25255C38383C422C802ED821 /* EnvironmentStore.swift */ = {isa = PBXFileReference; lastKnownFileType = sourcecode.swift; path = "EnvironmentStore.swift"; sourceTree = "<group>"; };
		5A205C767E514E8DB3EFF4F3 /* EnvironmentVariableResolver.swift */ = {isa = PBXFileReference; lastKnownFileType = sourcecode.swift; path = "EnvironmentVariableResolver.swift"; sourceTree = "<group>"; };
		E8E18D58558043F3BCBCB8AE /* GitSyncService.swift */ = {isa = PBXFileReference; lastKnownFileType = sourcecode.swift; path = "GitSyncService.swift"; sourceTree = "<group>"; };
		AAD5D14D8F8C4EF8A1A21B02 /* HistoryStore.swift */ = {isa = PBXFileReference; lastKnownFileType = sourcecode.swift; path = "HistoryStore.swift"; sourceTree = "<group>"; };
		E6988A6B831941A694499277 /* NetworkEngine.swift */ = {isa = PBXFileReference; lastKnownFileType = sourcecode.swift; path = "NetworkEngine.swift"; sourceTree = "<group>"; };
		643B7C3648F8409B900FE2A7 /* OpenAPIImporter.swift */ = {isa = PBXFileReference; lastKnownFileType = sourcecode.swift; path = "OpenAPIImporter.swift"; sourceTree = "<group>"; };
		046DE87A0C58492891D746BD /* PostmanImporter.swift */ = {isa = PBXFileReference; lastKnownFileType = sourcecode.swift; path = "PostmanImporter.swift"; sourceTree = "<group>"; };
		11F3DE55BFDF4AD4B33723AC /* RequestBodyBuilder.swift */ = {isa = PBXFileReference; lastKnownFileType = sourcecode.swift; path = "RequestBodyBuilder.swift"; sourceTree = "<group>"; };
		7CAAFFEBE3A245C9B6D5975C /* ResponseFormatter.swift */ = {isa = PBXFileReference; lastKnownFileType = sourcecode.swift; path = "ResponseFormatter.swift"; sourceTree = "<group>"; };
		8B724C72936746C4857326F7 /* SSEEngine.swift */ = {isa = PBXFileReference; lastKnownFileType = sourcecode.swift; path = "SSEEngine.swift"; sourceTree = "<group>"; };
		2881520E37334D5198DCBB05 /* SavedRequestsStore.swift */ = {isa = PBXFileReference; lastKnownFileType = sourcecode.swift; path = "SavedRequestsStore.swift"; sourceTree = "<group>"; };
		2F747E9414E54864BAB1695F /* SyntaxHighlighter.swift */ = {isa = PBXFileReference; lastKnownFileType = sourcecode.swift; path = "SyntaxHighlighter.swift"; sourceTree = "<group>"; };
		3F9BF9B772B04E31B05D013C /* TestRunner.swift */ = {isa = PBXFileReference; lastKnownFileType = sourcecode.swift; path = "TestRunner.swift"; sourceTree = "<group>"; };
		EE1EA81F16E7492285B64E58 /* VariableExtractor.swift */ = {isa = PBXFileReference; lastKnownFileType = sourcecode.swift; path = "VariableExtractor.swift"; sourceTree = "<group>"; };
		03E0BBB281794E2BA1626AC3 /* WebSocketEngine.swift */ = {isa = PBXFileReference; lastKnownFileType = sourcecode.swift; path = "WebSocketEngine.swift"; sourceTree = "<group>"; };
		739A9659FBFA4B38A1AF5D04 /* WorkspaceStore.swift */ = {isa = PBXFileReference; lastKnownFileType = sourcecode.swift; path = "WorkspaceStore.swift"; sourceTree = "<group>"; };
		2008B087387C412881FF5255 /* CodeGeneratorTests.swift */ = {isa = PBXFileReference; lastKnownFileType = sourcecode.swift; path = "CodeGeneratorTests.swift"; sourceTree = "<group>"; };
		37B0863C2AA94B84839EA267 /* CookieJarTests.swift */ = {isa = PBXFileReference; lastKnownFileType = sourcecode.swift; path = "CookieJarTests.swift"; sourceTree = "<group>"; };
		9E5625082CEC40668FDF1DB5 /* CurlCommandGeneratorTests.swift */ = {isa = PBXFileReference; lastKnownFileType = sourcecode.swift; path = "CurlCommandGeneratorTests.swift"; sourceTree = "<group>"; };
		0D49A08A7904447DB3B1A2E1 /* CurlParserTests.swift */ = {isa = PBXFileReference; lastKnownFileType = sourcecode.swift; path = "CurlParserTests.swift"; sourceTree = "<group>"; };
		6BD0F61BF9104A9A82BB5F49 /* DiffEngineTests.swift */ = {isa = PBXFileReference; lastKnownFileType = sourcecode.swift; path = "DiffEngineTests.swift"; sourceTree = "<group>"; };
		58100DEA6FA14B0C9BB0A196 /* EnvironmentStoreTests.swift */ = {isa = PBXFileReference; lastKnownFileType = sourcecode.swift; path = "EnvironmentStoreTests.swift"; sourceTree = "<group>"; };
		B9E3B81323974401A7739D2F /* EnvironmentVariableResolverTests.swift */ = {isa = PBXFileReference; lastKnownFileType = sourcecode.swift; path = "EnvironmentVariableResolverTests.swift"; sourceTree = "<group>"; };
		555F4C0F6ABF48BBA33F98AD /* GitSyncServiceTests.swift */ = {isa = PBXFileReference; lastKnownFileType = sourcecode.swift; path = "GitSyncServiceTests.swift"; sourceTree = "<group>"; };
		69482D714E20416B97939839 /* HistoryStoreTests.swift */ = {isa = PBXFileReference; lastKnownFileType = sourcecode.swift; path = "HistoryStoreTests.swift"; sourceTree = "<group>"; };
		9643C177DD3644698E7A5889 /* NetworkEngineTests.swift */ = {isa = PBXFileReference; lastKnownFileType = sourcecode.swift; path = "NetworkEngineTests.swift"; sourceTree = "<group>"; };
		8A2F0064724A437FB853023C /* OpenAPIImporterTests.swift */ = {isa = PBXFileReference; lastKnownFileType = sourcecode.swift; path = "OpenAPIImporterTests.swift"; sourceTree = "<group>"; };
		8752E348D777480EAD82C82F /* PostmanImporterTests.swift */ = {isa = PBXFileReference; lastKnownFileType = sourcecode.swift; path = "PostmanImporterTests.swift"; sourceTree = "<group>"; };
		3776788877F64DD2924A446B /* ResponseFormatterTests.swift */ = {isa = PBXFileReference; lastKnownFileType = sourcecode.swift; path = "ResponseFormatterTests.swift"; sourceTree = "<group>"; };
		7257BF19E9AC42B396253175 /* RestRequestTests.swift */ = {isa = PBXFileReference; lastKnownFileType = sourcecode.swift; path = "RestRequestTests.swift"; sourceTree = "<group>"; };
		3135703ECCBA4B4B9723CAD0 /* SavedRequestsStoreTests.swift */ = {isa = PBXFileReference; lastKnownFileType = sourcecode.swift; path = "SavedRequestsStoreTests.swift"; sourceTree = "<group>"; };
		5C062B955DE14211805EE735 /* SyntaxHighlighterTests.swift */ = {isa = PBXFileReference; lastKnownFileType = sourcecode.swift; path = "SyntaxHighlighterTests.swift"; sourceTree = "<group>"; };
		CB8922BB1A8440A8929AD5D3 /* TestRunnerTests.swift */ = {isa = PBXFileReference; lastKnownFileType = sourcecode.swift; path = "TestRunnerTests.swift"; sourceTree = "<group>"; };
		6B3DF3A3F1B946D598C8BE3F /* VariableExtractorTests.swift */ = {isa = PBXFileReference; lastKnownFileType = sourcecode.swift; path = "VariableExtractorTests.swift"; sourceTree = "<group>"; };
		91187284BB884910B7C9C297 /* WorkspaceStoreTests.swift */ = {isa = PBXFileReference; lastKnownFileType = sourcecode.swift; path = "WorkspaceStoreTests.swift"; sourceTree = "<group>"; };
		C4DC341715BA4045889E215D /* AppIcon.icns */ = {isa = PBXFileReference; lastKnownFileType = image.icns; path = "AppIcon.icns"; sourceTree = "<group>"; };
		3F00BD5EA0C64D598F7B9790 /* Assets.xcassets */ = {isa = PBXFileReference; lastKnownFileType = folder.assetcatalog; path = "Assets.xcassets"; sourceTree = "<group>"; };
		F264B15FB16A467A82C6A72F /* Info.plist */ = {isa = PBXFileReference; lastKnownFileType = text.plist.xml; path = "Info.plist"; sourceTree = "<group>"; };
		157EE947C7BF4D4CAED8AF50 /* CocoaRestClient.app */ = {isa = PBXFileReference; explicitFileType = wrapper.application; includeInIndex = 0; path = CocoaRestClient.app; sourceTree = BUILT_PRODUCTS_DIR; };
		733F3393CBB3479C98EFE00C /* libCocoaRestClientCore.a */ = {isa = PBXFileReference; explicitFileType = archive.ar; includeInIndex = 0; path = libCocoaRestClientCore.a; sourceTree = BUILT_PRODUCTS_DIR; };
		327EC2F1F8FF4186BBB14639 /* CocoaRestClientTests.xctest */ = {isa = PBXFileReference; explicitFileType = wrapper.cfbundle; includeInIndex = 0; path = CocoaRestClientTests.xctest; sourceTree = BUILT_PRODUCTS_DIR; };
/* End PBXFileReference section */

/* Begin PBXFrameworksBuildPhase section */
		CDF70B3B0ABC4D789E96604B /* Frameworks */ = {
			isa = PBXFrameworksBuildPhase;
			buildActionMask = 2147483647;
			files = (
			);
			runOnlyForDeploymentPostprocessing = 0;
		};
		B0EEAD1CD4D648BBBC5BCFD3 /* Frameworks */ = {
			isa = PBXFrameworksBuildPhase;
			buildActionMask = 2147483647;
			files = (
				559F703194704DAAA3F63996 /* libCocoaRestClientCore.a in Frameworks */,
			);
			runOnlyForDeploymentPostprocessing = 0;
		};
		0D3277A89C864E60BD1AECAF /* Frameworks */ = {
			isa = PBXFrameworksBuildPhase;
			buildActionMask = 2147483647;
			files = (
				163D10739DDD4F3A93A563F3 /* libCocoaRestClientCore.a in Frameworks */,
			);
			runOnlyForDeploymentPostprocessing = 0;
		};
/* End PBXFrameworksBuildPhase section */

/* Begin PBXGroup section */
		6144F098FC6046CC8F590FBB /* ViewModels */ = {
			isa = PBXGroup;
			children = (
				653286A69A5044FEB1D13F0E /* DiffViewModel.swift */,
				8EB5EFE037614D3CAA92A4C8 /* EnvironmentViewModel.swift */,
				32D674735152475C868621B6 /* HistoryViewModel.swift */,
				BA9853DA49B74200AFB4375D /* PreferencesViewModel.swift */,
				64FDBD460B634551A528487B /* RequestTabViewModel.swift */,
				560EE319C6644046ABDC18CA /* SavedRequestsViewModel.swift */,
				321CDEC9FA004DA6870BA9CD /* WorkspaceManagerViewModel.swift */,
				91377B51500E4BEF8B2D514A /* WorkspaceViewModel.swift */,
			);
			path = "ViewModels"; sourceTree = "<group>";
		};
		C9505FD0A4944307B34D3CE6 /* Components */ = {
			isa = PBXGroup;
			children = (
				E509FC23B6204658824F8468 /* KeyValueEditorTable.swift */,
				93B89B1037E44BF8A85B1725 /* StatusBadgeView.swift */,
				5158F8B3B3B441248AC853BE /* SyntaxTextEditorView.swift */,
			);
			path = "Components"; sourceTree = "<group>";
		};
		C6BBCD1F67DF48A5B2CF89F3 /* Modals */ = {
			isa = PBXGroup;
			children = (
				D3CA96F1E8214FA7A2AB5A50 /* CloneWorkspaceSheetView.swift */,
				CA0E3C2F5FB941A68C63FAB4 /* CodeGeneratorSheetView.swift */,
				EE6F0572162E4F94B5C8A96D /* CookieManagerSheetView.swift */,
				705A9B513BAA4C4F9825AA9C /* CurlImportSheetView.swift */,
				FFE000716B5F462D8035FD20 /* DiffSheetView.swift */,
				98E7CE2837B74B499DB55AFB /* EnvironmentManagerSheetView.swift */,
				122D24CAA8524C68B1BC812E /* ExportImportSheetView.swift */,
				4C107D2E331648158881B81B /* FastSearchSheetView.swift */,
				8144CEB0A36A4238AC4B85B5 /* SaveRequestSheetView.swift */,
				24108ED532E9404C92DA48CC /* WorkspaceManagerSheetView.swift */,
			);
			path = "Modals"; sourceTree = "<group>";
		};
		E4EAC15FD7624CA5811FE940 /* Preferences */ = {
			isa = PBXGroup;
			children = (
				636E33C8B29E407D82D473DF /* PreferencesView.swift */,
			);
			path = "Preferences"; sourceTree = "<group>";
		};
		121473C455D94DEBAE05FC0E /* Realtime */ = {
			isa = PBXGroup;
			children = (
				54884C1147064DCCA0745D80 /* WebSocketClientView.swift */,
			);
			path = "Realtime"; sourceTree = "<group>";
		};
		6679F093BE6243458938DBF6 /* RequestEditor */ = {
			isa = PBXGroup;
			children = (
				9914DE47A2C84AD6B444CF6D /* AuthEditorView.swift */,
				727586795AAF4FBAB0AEB1A1 /* FilesTableView.swift */,
				4D802691373D4E5EA3FA2477 /* GraphQLBodyEditorView.swift */,
				305711B0D2F6499F8ADAA6C3 /* HeadersTableView.swift */,
				74C9E67B32BE411FBAAEAC5F /* ParamsTableView.swift */,
				8B3758CC02CB4181B8DF0E68 /* RequestBodyEditorView.swift */,
				7E17ECF41E054BDC922D2BF0 /* RequestHeaderBar.swift */,
				7D71DF87C5DD48559041EFB0 /* TestsEditorView.swift */,
			);
			path = "RequestEditor"; sourceTree = "<group>";
		};
		B4109B74CAA847088AC9A39D /* ResponseViewer */ = {
			isa = PBXGroup;
			children = (
				3E077693606F4F5B8A6E504B /* HTMLPreviewView.swift */,
				6E503677ADFB4921B8DBD8A3 /* ImageViewerView.swift */,
				9D80374856E34B35AE3DBC80 /* ResponseHeadersView.swift */,
				7528072C465C47A6A69966FE /* ResponseViewerView.swift */,
				827BF60C80ED488694F25AD2 /* SentHeadersView.swift */,
			);
			path = "ResponseViewer"; sourceTree = "<group>";
		};
		13C9CC2401DE4AAAADD1E01C /* Sidebar */ = {
			isa = PBXGroup;
			children = (
				D59959A122AB47FD8058F679 /* HistorySidebarView.swift */,
				0AF693C5EAF540B89EDA2B22 /* SavedRequestsSidebarView.swift */,
				FF71230DE0244DF59263A401 /* WorkspaceSwitcherHeaderView.swift */,
			);
			path = "Sidebar"; sourceTree = "<group>";
		};
		4871BEC11A314D7CB51E8EF2 /* Views */ = {
			isa = PBXGroup;
			children = (
				C9505FD0A4944307B34D3CE6 /* Components */,
				C6BBCD1F67DF48A5B2CF89F3 /* Modals */,
				E4EAC15FD7624CA5811FE940 /* Preferences */,
				121473C455D94DEBAE05FC0E /* Realtime */,
				6679F093BE6243458938DBF6 /* RequestEditor */,
				B4109B74CAA847088AC9A39D /* ResponseViewer */,
				13C9CC2401DE4AAAADD1E01C /* Sidebar */,
				85D1CBE9CB364F4F8A2E7120 /* MainView.swift */,
			);
			path = "Views"; sourceTree = "<group>";
		};
		E09CB2CC4F2E4CF48E5D4931 /* CocoaRestClient */ = {
			isa = PBXGroup;
			children = (
				6144F098FC6046CC8F590FBB /* ViewModels */,
				4871BEC11A314D7CB51E8EF2 /* Views */,
				7C75BCBCC92F465CAD011CCC /* CocoaRestClientApp.swift */,
			);
			name = "CocoaRestClient"; path = "Sources/CocoaRestClient"; sourceTree = "<group>";
		};
		84BDCC6912044740B48F437F /* Models */ = {
			isa = PBXGroup;
			children = (
				3F22E07AA2C846748400FC1E /* Authentication.swift */,
				3A7F6E2D69DE4BB28EC22830 /* CRCConstants.swift */,
				2E6B0D4C55BB4CD19A5EABD7 /* CookieItem.swift */,
				07BC69BC072C4077AD00CFBD /* EnvironmentProfile.swift */,
				153CD93704094FCD930EAE68 /* FileAttachment.swift */,
				3F0606A602EF42B4BEF39E33 /* HTTPMethod.swift */,
				F0FAE76F9DEC4C74B9145B00 /* HistoryItem.swift */,
				E36829E99E5B4DCB9820BEFF /* KeyValuePair.swift */,
				3D38FCB715FE4AEBA61E294D /* RequestFolder.swift */,
				1325E081F65F4C43BEAEAB60 /* RestRequest.swift */,
				7070DA3309934839BB2F9762 /* TestAssertion.swift */,
				E44F8C1575A6489CB2757447 /* WorkspaceModel.swift */,
			);
			path = "Models"; sourceTree = "<group>";
		};
		D73277B457004F40AD3C9811 /* Services */ = {
			isa = PBXGroup;
			children = (
				F93CCC4130554C58A7749FD1 /* CodeGenerator.swift */,
				22E20F83E7334637B62D7979 /* CommonHeaders.swift */,
				25EC959A4F2D46BEAB228318 /* CookieJarStore.swift */,
				A3FDD4B476EE4FCC8DACA05B /* CurlCommandGenerator.swift */,
				E9B633E69B314D69BC874959 /* CurlParser.swift */,
				5D0101E94FC346F3A8221DFA /* DiffEngine.swift */,
				25255C38383C422C802ED821 /* EnvironmentStore.swift */,
				5A205C767E514E8DB3EFF4F3 /* EnvironmentVariableResolver.swift */,
				E8E18D58558043F3BCBCB8AE /* GitSyncService.swift */,
				AAD5D14D8F8C4EF8A1A21B02 /* HistoryStore.swift */,
				E6988A6B831941A694499277 /* NetworkEngine.swift */,
				643B7C3648F8409B900FE2A7 /* OpenAPIImporter.swift */,
				046DE87A0C58492891D746BD /* PostmanImporter.swift */,
				11F3DE55BFDF4AD4B33723AC /* RequestBodyBuilder.swift */,
				7CAAFFEBE3A245C9B6D5975C /* ResponseFormatter.swift */,
				8B724C72936746C4857326F7 /* SSEEngine.swift */,
				2881520E37334D5198DCBB05 /* SavedRequestsStore.swift */,
				2F747E9414E54864BAB1695F /* SyntaxHighlighter.swift */,
				3F9BF9B772B04E31B05D013C /* TestRunner.swift */,
				EE1EA81F16E7492285B64E58 /* VariableExtractor.swift */,
				03E0BBB281794E2BA1626AC3 /* WebSocketEngine.swift */,
				739A9659FBFA4B38A1AF5D04 /* WorkspaceStore.swift */,
			);
			path = "Services"; sourceTree = "<group>";
		};
		C40A3235134342C88BB569E3 /* CocoaRestClientCore */ = {
			isa = PBXGroup;
			children = (
				84BDCC6912044740B48F437F /* Models */,
				D73277B457004F40AD3C9811 /* Services */,
			);
			name = "CocoaRestClientCore"; path = "Sources/CocoaRestClientCore"; sourceTree = "<group>";
		};
		94F0BB4FAE7841C5879E6EE6 /* CocoaRestClientTests */ = {
			isa = PBXGroup;
			children = (
				2008B087387C412881FF5255 /* CodeGeneratorTests.swift */,
				37B0863C2AA94B84839EA267 /* CookieJarTests.swift */,
				9E5625082CEC40668FDF1DB5 /* CurlCommandGeneratorTests.swift */,
				0D49A08A7904447DB3B1A2E1 /* CurlParserTests.swift */,
				6BD0F61BF9104A9A82BB5F49 /* DiffEngineTests.swift */,
				58100DEA6FA14B0C9BB0A196 /* EnvironmentStoreTests.swift */,
				B9E3B81323974401A7739D2F /* EnvironmentVariableResolverTests.swift */,
				555F4C0F6ABF48BBA33F98AD /* GitSyncServiceTests.swift */,
				69482D714E20416B97939839 /* HistoryStoreTests.swift */,
				9643C177DD3644698E7A5889 /* NetworkEngineTests.swift */,
				8A2F0064724A437FB853023C /* OpenAPIImporterTests.swift */,
				8752E348D777480EAD82C82F /* PostmanImporterTests.swift */,
				3776788877F64DD2924A446B /* ResponseFormatterTests.swift */,
				7257BF19E9AC42B396253175 /* RestRequestTests.swift */,
				3135703ECCBA4B4B9723CAD0 /* SavedRequestsStoreTests.swift */,
				5C062B955DE14211805EE735 /* SyntaxHighlighterTests.swift */,
				CB8922BB1A8440A8929AD5D3 /* TestRunnerTests.swift */,
				6B3DF3A3F1B946D598C8BE3F /* VariableExtractorTests.swift */,
				91187284BB884910B7C9C297 /* WorkspaceStoreTests.swift */,
			);
			name = "CocoaRestClientTests"; path = "Tests/CocoaRestClientTests"; sourceTree = "<group>";
		};
		8703B4185EB449D38DDB22C7 /* Resources */ = {
			isa = PBXGroup;
			children = (
				C4DC341715BA4045889E215D /* AppIcon.icns */,
				3F00BD5EA0C64D598F7B9790 /* Assets.xcassets */,
				F264B15FB16A467A82C6A72F /* Info.plist */,
			);
			path = "Resources"; sourceTree = "<group>";
		};
		4C3F23D6AB6C4778A0E0E5B5 /* Products */ = {
			isa = PBXGroup;
			children = (
				157EE947C7BF4D4CAED8AF50 /* CocoaRestClient.app */,
				733F3393CBB3479C98EFE00C /* libCocoaRestClientCore.a */,
				327EC2F1F8FF4186BBB14639 /* CocoaRestClientTests.xctest */,
			);
			name = Products;
			sourceTree = "<group>";
		};
		7EF675C64C704732B5A74CDC = {
			isa = PBXGroup;
			children = (
				E09CB2CC4F2E4CF48E5D4931 /* CocoaRestClient */,
				C40A3235134342C88BB569E3 /* CocoaRestClientCore */,
				8703B4185EB449D38DDB22C7 /* Resources */,
				94F0BB4FAE7841C5879E6EE6 /* CocoaRestClientTests */,
				4C3F23D6AB6C4778A0E0E5B5 /* Products */,
			);
			sourceTree = "<group>";
		};
/* End PBXGroup section */

/* Begin PBXNativeTarget section */
		80DC4BA8A20B4A52A0C7D677 /* CocoaRestClientCore */ = {
			isa = PBXNativeTarget;
			buildConfigurationList = C1B1995DEF274ABFB1370C78 /* Build configuration list for PBXNativeTarget "CocoaRestClientCore" */;
			buildPhases = (
				95F38A6843FB46F0B2C2B56E /* Sources */,
				CDF70B3B0ABC4D789E96604B /* Frameworks */,
			);
			buildRules = (
			);
			dependencies = (
			);
			name = CocoaRestClientCore;
			productName = CocoaRestClientCore;
			productReference = 733F3393CBB3479C98EFE00C /* libCocoaRestClientCore.a */;
			productType = "com.apple.product-type.library.static";
		};
		25757155B41D4DA8A63923B8 /* CocoaRestClient */ = {
			isa = PBXNativeTarget;
			buildConfigurationList = A66CC3950D1841C5897F2779 /* Build configuration list for PBXNativeTarget "CocoaRestClient" */;
			buildPhases = (
				B0A37E6C247A4B21933DF9E3 /* Sources */,
				B0EEAD1CD4D648BBBC5BCFD3 /* Frameworks */,
				0411BFE1F8F343A287AFBB55 /* Resources */,
			);
			buildRules = (
			);
			dependencies = (
				165BB782729841B4A75725E0 /* PBXTargetDependency */,
			);
			name = CocoaRestClient;
			productName = CocoaRestClient;
			productReference = 157EE947C7BF4D4CAED8AF50 /* CocoaRestClient.app */;
			productType = "com.apple.product-type.application";
		};
		1BA0E5913F6B4DE4976ED600 /* CocoaRestClientTests */ = {
			isa = PBXNativeTarget;
			buildConfigurationList = 05A422A4FC0A470C860262C5 /* Build configuration list for PBXNativeTarget "CocoaRestClientTests" */;
			buildPhases = (
				E5CD60CEBC1B492A989F8919 /* Sources */,
				0D3277A89C864E60BD1AECAF /* Frameworks */,
			);
			buildRules = (
			);
			dependencies = (
				DCF31ECB535C41CCA964EB64 /* PBXTargetDependency */,
			);
			name = CocoaRestClientTests;
			productName = CocoaRestClientTests;
			productReference = 327EC2F1F8FF4186BBB14639 /* CocoaRestClientTests.xctest */;
			productType = "com.apple.product-type.bundle.unit-test";
		};
/* End PBXNativeTarget section */

/* Begin PBXProject section */
		54452FD53CD441F8B45659FC /* Project object */ = {
			isa = PBXProject;
			attributes = {
				BuildIndependentTargetsInParallel = 1;
				LastSwiftUpdateCheck = 1500;
				LastUpgradeCheck = 1500;
				TargetAttributes = {
					25757155B41D4DA8A63923B8 = {
						CreatedOnToolsVersion = 15.0;
					};
					80DC4BA8A20B4A52A0C7D677 = {
						CreatedOnToolsVersion = 15.0;
					};
					1BA0E5913F6B4DE4976ED600 = {
						CreatedOnToolsVersion = 15.0;
					};
				};
			};
			buildConfigurationList = ADB47E9C23544DDC807587BA /* Build configuration list for PBXProject "CocoaRestClient" */;
			compatibilityVersion = "Xcode 14.0";
			developmentRegion = en;
			hasScannedForEncodings = 0;
			knownRegions = (
				en,
				Base,
			);
			mainGroup = 7EF675C64C704732B5A74CDC;
			productRefGroup = 4C3F23D6AB6C4778A0E0E5B5 /* Products */;
			projectDirPath = "";
			projectRoot = "";
			targets = (
				80DC4BA8A20B4A52A0C7D677 /* CocoaRestClientCore */,
				25757155B41D4DA8A63923B8 /* CocoaRestClient */,
				1BA0E5913F6B4DE4976ED600 /* CocoaRestClientTests */,
			);
		};
/* End PBXProject section */

/* Begin PBXResourcesBuildPhase section */
		0411BFE1F8F343A287AFBB55 /* Resources */ = {
			isa = PBXResourcesBuildPhase;
			buildActionMask = 2147483647;
			files = (
				E573695A79F64784936C7ACB /* Assets.xcassets in Resources */,
				33033C8390654336B88C94E9 /* AppIcon.icns in Resources */,
			);
			runOnlyForDeploymentPostprocessing = 0;
		};
/* End PBXResourcesBuildPhase section */

/* Begin PBXSourcesBuildPhase section */
		95F38A6843FB46F0B2C2B56E /* Sources */ = {
			isa = PBXSourcesBuildPhase;
			buildActionMask = 2147483647;
			files = (
				8A3EECAEB58D4B3FBDEE2284 /* Authentication.swift in Sources */,
				9F4326D4095E4240B8A707C5 /* CRCConstants.swift in Sources */,
				8ED14D29BB4241B09980D89C /* CookieItem.swift in Sources */,
				DB0641E26AA242D285CF6692 /* EnvironmentProfile.swift in Sources */,
				AB3F02F4055F4159BFB1F861 /* FileAttachment.swift in Sources */,
				7B127A7D8D2149BD9F3CA2F2 /* HTTPMethod.swift in Sources */,
				E81B185C636144D0BA3C160C /* HistoryItem.swift in Sources */,
				B18E779597F04E609C46B894 /* KeyValuePair.swift in Sources */,
				EA01ADC534F64F399492E29F /* RequestFolder.swift in Sources */,
				88FE88FCABB743F59ED3C028 /* RestRequest.swift in Sources */,
				A398ED141C804B0C913AE6B2 /* TestAssertion.swift in Sources */,
				E8A80F26E4D7457CAEB45BB0 /* WorkspaceModel.swift in Sources */,
				BDE6F5684684497D9B69F5AC /* CodeGenerator.swift in Sources */,
				35B897B33F0540F7956EECA8 /* CommonHeaders.swift in Sources */,
				6B9AAE13170F4603A50715E2 /* CookieJarStore.swift in Sources */,
				66AC2A766F534B6093DA7B30 /* CurlCommandGenerator.swift in Sources */,
				D5D3C8E884544431B98066BC /* CurlParser.swift in Sources */,
				DF00C27380BF4E1B9A45B69D /* DiffEngine.swift in Sources */,
				CD3D20E3EBB94AF9811B378F /* EnvironmentStore.swift in Sources */,
				4265BDF0F75B466A98B9A83B /* EnvironmentVariableResolver.swift in Sources */,
				564424BC108841EC85AF6145 /* GitSyncService.swift in Sources */,
				6FA17FD1BA8746B18417F5CB /* HistoryStore.swift in Sources */,
				802964F6307D4E72863E9906 /* NetworkEngine.swift in Sources */,
				D5FAA77206474ADCB229376B /* OpenAPIImporter.swift in Sources */,
				1FCF47CCCB45460A93CFEAB2 /* PostmanImporter.swift in Sources */,
				96D03DD5C4AE4875ABEDFEEF /* RequestBodyBuilder.swift in Sources */,
				7E1ED81A79A94529A79BAB0D /* ResponseFormatter.swift in Sources */,
				CB091668671A4CECB6EAC973 /* SSEEngine.swift in Sources */,
				1529AEB6A2F645829C8BFC66 /* SavedRequestsStore.swift in Sources */,
				F909F913EF974518980776BF /* SyntaxHighlighter.swift in Sources */,
				E7FF949436854A1288F17838 /* TestRunner.swift in Sources */,
				8785E3516FDD497D860BD6AD /* VariableExtractor.swift in Sources */,
				48F982EF7B3D48FABA9C9B05 /* WebSocketEngine.swift in Sources */,
				5EC14249F51345E887F4D787 /* WorkspaceStore.swift in Sources */,
			);
			runOnlyForDeploymentPostprocessing = 0;
		};
		B0A37E6C247A4B21933DF9E3 /* Sources */ = {
			isa = PBXSourcesBuildPhase;
			buildActionMask = 2147483647;
			files = (
				057438BC0E08459BADFB8355 /* CocoaRestClientApp.swift in Sources */,
				A4158C96C2AA4B5BA40FC68D /* DiffViewModel.swift in Sources */,
				4E9F4026930C4FE3AFCCB6BB /* EnvironmentViewModel.swift in Sources */,
				F6DB3114D77C402A8BE8AFD1 /* HistoryViewModel.swift in Sources */,
				D54016884B6A45A5BB1DBEF1 /* PreferencesViewModel.swift in Sources */,
				7A06AF445A5E491C9EC1E09B /* RequestTabViewModel.swift in Sources */,
				722B228D14E74C5D8B6B03DD /* SavedRequestsViewModel.swift in Sources */,
				38FCDCE7CF784BB4A69AC532 /* WorkspaceManagerViewModel.swift in Sources */,
				620EFA9B5C7F447DBA1D4BE4 /* WorkspaceViewModel.swift in Sources */,
				8D738E5BDA234E9FAD4D3DE4 /* KeyValueEditorTable.swift in Sources */,
				EB1F10B45F854D6496FB9929 /* StatusBadgeView.swift in Sources */,
				2D2953ECB01D43FEBDCD4F5C /* SyntaxTextEditorView.swift in Sources */,
				21D7759BC29D4E15BB8E9C2E /* MainView.swift in Sources */,
				2EDA41BFC6C44703B47484E6 /* CloneWorkspaceSheetView.swift in Sources */,
				5D77CEB08B54430982C3FB02 /* CodeGeneratorSheetView.swift in Sources */,
				DE08889DD46A4EFC89DBE337 /* CookieManagerSheetView.swift in Sources */,
				FC25578198D9442792EB615E /* CurlImportSheetView.swift in Sources */,
				13EE33F83A7A498DBA2C8FDA /* DiffSheetView.swift in Sources */,
				E8C14E51A8C24AF5B8300F15 /* EnvironmentManagerSheetView.swift in Sources */,
				11A0794A3C1F45E080F9D38F /* ExportImportSheetView.swift in Sources */,
				F367D8EF96AB466BA4054AC6 /* FastSearchSheetView.swift in Sources */,
				135888D6A22641119848752E /* SaveRequestSheetView.swift in Sources */,
				A96D55F1F8CC4797ACF61586 /* WorkspaceManagerSheetView.swift in Sources */,
				6BDB40737D6B40BA98C25906 /* PreferencesView.swift in Sources */,
				8AF69200DA5441EBAA3D3CB3 /* WebSocketClientView.swift in Sources */,
				FD75E2280BB64043972269AE /* AuthEditorView.swift in Sources */,
				8A7916BF3E044C82882CAD56 /* FilesTableView.swift in Sources */,
				3F3BA9E5D4724193A643BF9D /* GraphQLBodyEditorView.swift in Sources */,
				48C81961962F4E74862AE9F1 /* HeadersTableView.swift in Sources */,
				6F8AB17A84BC4EC6ADCE317D /* ParamsTableView.swift in Sources */,
				84D322190E2A43139694672F /* RequestBodyEditorView.swift in Sources */,
				E4FCE045D6ED448A96992CA3 /* RequestHeaderBar.swift in Sources */,
				C7BE67A1E1584EEF95C00257 /* TestsEditorView.swift in Sources */,
				7C7C0071F8D84562B819D743 /* HTMLPreviewView.swift in Sources */,
				ECB1DA9CF6894D2F88801CBC /* ImageViewerView.swift in Sources */,
				C5A75B09D9D945EE8A9DC896 /* ResponseHeadersView.swift in Sources */,
				4C53094989DC4145928A05F2 /* ResponseViewerView.swift in Sources */,
				4F08C2B351A646658855FDC1 /* SentHeadersView.swift in Sources */,
				08C98FF3DAC24DFA8E070D59 /* HistorySidebarView.swift in Sources */,
				88600931FB25488BAE218BB1 /* SavedRequestsSidebarView.swift in Sources */,
				76E7F5153A104663B9574648 /* WorkspaceSwitcherHeaderView.swift in Sources */,
			);
			runOnlyForDeploymentPostprocessing = 0;
		};
		E5CD60CEBC1B492A989F8919 /* Sources */ = {
			isa = PBXSourcesBuildPhase;
			buildActionMask = 2147483647;
			files = (
				6A21FC6B7F19466DBCA93D15 /* CodeGeneratorTests.swift in Sources */,
				B48442DFE4124234AF88FD0D /* CookieJarTests.swift in Sources */,
				A228A61D60D744DCA3F8A0E5 /* CurlCommandGeneratorTests.swift in Sources */,
				0EFF9A939B7E4B0F9CF8876D /* CurlParserTests.swift in Sources */,
				B1D576AD0EB4441AA24A2F44 /* DiffEngineTests.swift in Sources */,
				0B83E8FB25B64E1C8DEFA669 /* EnvironmentStoreTests.swift in Sources */,
				98395BC391434390A7F9FD27 /* EnvironmentVariableResolverTests.swift in Sources */,
				B984C4163E5A422E80AD689E /* GitSyncServiceTests.swift in Sources */,
				F82FCCC96BA54EDCADCEBE22 /* HistoryStoreTests.swift in Sources */,
				D12453DEA160437AA3A53CFB /* NetworkEngineTests.swift in Sources */,
				48E9F91DC21E44AAA4CF9567 /* OpenAPIImporterTests.swift in Sources */,
				41DC8851EF854823959819CB /* PostmanImporterTests.swift in Sources */,
				59F7AF8B08734B62AE0AC771 /* ResponseFormatterTests.swift in Sources */,
				962D6CBBAD14484299092509 /* RestRequestTests.swift in Sources */,
				67A314C9BCD447328D353C46 /* SavedRequestsStoreTests.swift in Sources */,
				FFF9E437E5D54E67A0416296 /* SyntaxHighlighterTests.swift in Sources */,
				37ECAF11BA404D1EB52078DE /* TestRunnerTests.swift in Sources */,
				7C40C564D2AD4E5498DB1A8F /* VariableExtractorTests.swift in Sources */,
				0632BA7A1B3D43239228BBC9 /* WorkspaceStoreTests.swift in Sources */,
			);
			runOnlyForDeploymentPostprocessing = 0;
		};
/* End PBXSourcesBuildPhase section */

/* Begin PBXTargetDependency section */
		165BB782729841B4A75725E0 /* PBXTargetDependency */ = {
			isa = PBXTargetDependency;
			target = 80DC4BA8A20B4A52A0C7D677 /* CocoaRestClientCore */;
			targetProxy = 6B38F6F274554CBA943DF787 /* PBXContainerItemProxy */;
		};
		DCF31ECB535C41CCA964EB64 /* PBXTargetDependency */ = {
			isa = PBXTargetDependency;
			target = 80DC4BA8A20B4A52A0C7D677 /* CocoaRestClientCore */;
			targetProxy = 3343CA22D9D24720927F3458 /* PBXContainerItemProxy */;
		};
/* End PBXTargetDependency section */

/* Begin XCBuildConfiguration section */
		3954B4D2938544EF90DD33A2 /* Debug */ = {
			isa = XCBuildConfiguration;
			buildSettings = {
				ALWAYS_SEARCH_USER_PATHS = NO;
				CLANG_ANALYZER_NONNULL = YES;
				CLANG_CXX_LANGUAGE_STANDARD = "gnu++20";
				CLANG_ENABLE_MODULES = YES;
				CLANG_ENABLE_OBJC_ARC = YES;
				COPY_PHASE_STRIP = NO;
				DEBUG_INFORMATION_FORMAT = dwarf;
				ENABLE_STRICT_OBJC_MSGSEND = YES;
				ENABLE_TESTABILITY = YES;
				GCC_DYNAMIC_NO_PIC = NO;
				GCC_OPTIMIZATION_LEVEL = 0;
				GCC_PREPROCESSOR_DEFINITIONS = (
					"DEBUG=1",
					"$(inherited)",
				);
				MACOSX_DEPLOYMENT_TARGET = 13.0;
				MTL_ENABLE_DEBUG_INFO = INCLUDE_SOURCE;
				MTL_FAST_MATH = YES;
				ONLY_ACTIVE_ARCH = YES;
				SDKROOT = macosx;
				SWIFT_ACTIVE_COMPILATION_CONDITIONS = DEBUG;
				SWIFT_OPTIMIZATION_LEVEL = "-Onone";
				SWIFT_VERSION = 5.0;
			};
			name = Debug;
		};
		BF950D8CC9D241E6A8B21A0F /* Release */ = {
			isa = XCBuildConfiguration;
			buildSettings = {
				ALWAYS_SEARCH_USER_PATHS = NO;
				CLANG_ANALYZER_NONNULL = YES;
				CLANG_CXX_LANGUAGE_STANDARD = "gnu++20";
				CLANG_ENABLE_MODULES = YES;
				CLANG_ENABLE_OBJC_ARC = YES;
				COPY_PHASE_STRIP = NO;
				DEBUG_INFORMATION_FORMAT = "dwarf-with-dsym";
				ENABLE_NS_ASSERTIONS = NO;
				ENABLE_STRICT_OBJC_MSGSEND = YES;
				GCC_OPTIMIZATION_LEVEL = s;
				MACOSX_DEPLOYMENT_TARGET = 13.0;
				MTL_FAST_MATH = YES;
				SDKROOT = macosx;
				SWIFT_COMPILATION_MODE = wholemodule;
				SWIFT_OPTIMIZATION_LEVEL = "-O";
				SWIFT_VERSION = 5.0;
			};
			name = Release;
		};
		07D5834D2DA6443DAD06A1FA /* Debug */ = {
			isa = XCBuildConfiguration;
			buildSettings = {
				COMBINE_HIDPI_IMAGES = YES;
				DEFINES_MODULE = YES;
				EXECUTABLE_PREFIX = "lib";
				MACH_O_TYPE = staticlib;
				PRODUCT_BUNDLE_IDENTIFIER = org.restlesscode.CocoaRestClientCore;
				PRODUCT_NAME = "$(TARGET_NAME:c99extidentifier)";
				SKIP_INSTALL = YES;
				SWIFT_VERSION = 5.0;
			};
			name = Debug;
		};
		B163A3CB47014D0993555646 /* Release */ = {
			isa = XCBuildConfiguration;
			buildSettings = {
				COMBINE_HIDPI_IMAGES = YES;
				DEFINES_MODULE = YES;
				EXECUTABLE_PREFIX = "lib";
				MACH_O_TYPE = staticlib;
				PRODUCT_BUNDLE_IDENTIFIER = org.restlesscode.CocoaRestClientCore;
				PRODUCT_NAME = "$(TARGET_NAME:c99extidentifier)";
				SKIP_INSTALL = YES;
				SWIFT_VERSION = 5.0;
			};
			name = Release;
		};
		F15F8651DE41432FB2698667 /* Debug */ = {
			isa = XCBuildConfiguration;
			buildSettings = {
				ASSETCATALOG_COMPILER_APPICON_NAME = AppIcon;
				CODE_SIGN_IDENTITY = "-";
				CODE_SIGN_STYLE = Automatic;
				COMBINE_HIDPI_IMAGES = YES;
				ENABLE_HARDENED_RUNTIME = NO;
				INFOPLIST_FILE = "Resources/Info.plist";
				LD_RUNPATH_SEARCH_PATHS = (
					"$(inherited)",
					"@executable_path/../Frameworks",
				);
				PRODUCT_BUNDLE_IDENTIFIER = org.restlesscode.CocoaRestClient;
				PRODUCT_NAME = "$(TARGET_NAME)";
				SWIFT_VERSION = 5.0;
			};
			name = Debug;
		};
		0AC9D92E377342B5BF5E7513 /* Release */ = {
			isa = XCBuildConfiguration;
			buildSettings = {
				ASSETCATALOG_COMPILER_APPICON_NAME = AppIcon;
				CODE_SIGN_IDENTITY = "-";
				CODE_SIGN_STYLE = Automatic;
				COMBINE_HIDPI_IMAGES = YES;
				ENABLE_HARDENED_RUNTIME = NO;
				INFOPLIST_FILE = "Resources/Info.plist";
				LD_RUNPATH_SEARCH_PATHS = (
					"$(inherited)",
					"@executable_path/../Frameworks",
				);
				PRODUCT_BUNDLE_IDENTIFIER = org.restlesscode.CocoaRestClient;
				PRODUCT_NAME = "$(TARGET_NAME)";
				SWIFT_VERSION = 5.0;
			};
			name = Release;
		};
		62B38F6E0C8B41159AD75914 /* Debug */ = {
			isa = XCBuildConfiguration;
			buildSettings = {
				CODE_SIGN_IDENTITY = "-";
				CODE_SIGN_STYLE = Automatic;
				COMBINE_HIDPI_IMAGES = YES;
				ENABLE_HARDENED_RUNTIME = NO;
				GENERATE_INFOPLIST_FILE = YES;
				LD_RUNPATH_SEARCH_PATHS = (
					"$(inherited)",
					"@executable_path/../Frameworks",
					"@loader_path/../Frameworks",
				);
				MACH_O_TYPE = mh_bundle;
				OTHER_CODE_SIGN_FLAGS = "--deep";
				PRODUCT_BUNDLE_IDENTIFIER = org.restlesscode.CocoaRestClientTests;
				PRODUCT_NAME = "$(TARGET_NAME)";
				SWIFT_VERSION = 5.0;
				WRAPPER_EXTENSION = xctest;
			};
			name = Debug;
		};
		8E62ECB99D6F4121A45AD133 /* Release */ = {
			isa = XCBuildConfiguration;
			buildSettings = {
				CODE_SIGN_IDENTITY = "-";
				CODE_SIGN_STYLE = Automatic;
				COMBINE_HIDPI_IMAGES = YES;
				ENABLE_HARDENED_RUNTIME = NO;
				GENERATE_INFOPLIST_FILE = YES;
				LD_RUNPATH_SEARCH_PATHS = (
					"$(inherited)",
					"@executable_path/../Frameworks",
					"@loader_path/../Frameworks",
				);
				MACH_O_TYPE = mh_bundle;
				OTHER_CODE_SIGN_FLAGS = "--deep";
				PRODUCT_BUNDLE_IDENTIFIER = org.restlesscode.CocoaRestClientTests;
				PRODUCT_NAME = "$(TARGET_NAME)";
				SWIFT_VERSION = 5.0;
				WRAPPER_EXTENSION = xctest;
			};
			name = Release;
		};
/* End XCBuildConfiguration section */

/* Begin XCConfigurationList section */
		ADB47E9C23544DDC807587BA /* Build configuration list for PBXProject "CocoaRestClient" */ = {
			isa = XCConfigurationList;
			buildConfigurations = (
				3954B4D2938544EF90DD33A2 /* Debug */,
				BF950D8CC9D241E6A8B21A0F /* Release */,
			);
			defaultConfigurationIsVisible = 0;
			defaultConfigurationName = Release;
		};
		C1B1995DEF274ABFB1370C78 /* Build configuration list for PBXNativeTarget "CocoaRestClientCore" */ = {
			isa = XCConfigurationList;
			buildConfigurations = (
				07D5834D2DA6443DAD06A1FA /* Debug */,
				B163A3CB47014D0993555646 /* Release */,
			);
			defaultConfigurationIsVisible = 0;
			defaultConfigurationName = Release;
		};
		A66CC3950D1841C5897F2779 /* Build configuration list for PBXNativeTarget "CocoaRestClient" */ = {
			isa = XCConfigurationList;
			buildConfigurations = (
				F15F8651DE41432FB2698667 /* Debug */,
				0AC9D92E377342B5BF5E7513 /* Release */,
			);
			defaultConfigurationIsVisible = 0;
			defaultConfigurationName = Release;
		};
		05A422A4FC0A470C860262C5 /* Build configuration list for PBXNativeTarget "CocoaRestClientTests" */ = {
			isa = XCConfigurationList;
			buildConfigurations = (
				62B38F6E0C8B41159AD75914 /* Debug */,
				8E62ECB99D6F4121A45AD133 /* Release */,
			);
			defaultConfigurationIsVisible = 0;
			defaultConfigurationName = Release;
		};
/* End XCConfigurationList section */

	};
	rootObject = 54452FD53CD441F8B45659FC /* Project object */;
}
