// !$*UTF8*$!
{
	archiveVersion = 1;
	classes = {
	};
	objectVersion = 56;
	objects = {

/* Begin PBXBuildFile section */
		8135B013EDE04E9E935B4AAE /* Authentication.swift in Sources */ = {isa = PBXBuildFile; fileRef = DB5BB238B9FA48BC9AEFE41E /* Authentication.swift */; };
		D10AFA42876A43FB80BAA0FC /* CRCConstants.swift in Sources */ = {isa = PBXBuildFile; fileRef = 4CB95A80A0554CB58E992A4A /* CRCConstants.swift */; };
		C80521C116364150ADA4C961 /* EnvironmentProfile.swift in Sources */ = {isa = PBXBuildFile; fileRef = 0B3E37D84BDD41FE8A31AA68 /* EnvironmentProfile.swift */; };
		50E1311C29E04A868348869F /* FileAttachment.swift in Sources */ = {isa = PBXBuildFile; fileRef = 0CAC75590F6246A9B5451273 /* FileAttachment.swift */; };
		35A207682D0C4EBE9BE29313 /* HTTPMethod.swift in Sources */ = {isa = PBXBuildFile; fileRef = F0E0495C64F342EDA263F858 /* HTTPMethod.swift */; };
		02EF17ED04E447E7A9C04334 /* HistoryItem.swift in Sources */ = {isa = PBXBuildFile; fileRef = F2FC430F45054E86A69C996F /* HistoryItem.swift */; };
		CFD0B583BF954AE0B7BB3736 /* KeyValuePair.swift in Sources */ = {isa = PBXBuildFile; fileRef = C42AE53F18C6475892CFDA61 /* KeyValuePair.swift */; };
		1BB9D50588C84D9F986E0578 /* RequestFolder.swift in Sources */ = {isa = PBXBuildFile; fileRef = 16CC4920F16247D5A3A0A8E2 /* RequestFolder.swift */; };
		2082E62466C243038028D0D7 /* RestRequest.swift in Sources */ = {isa = PBXBuildFile; fileRef = ADABA8A138FC418CB0BEDC4A /* RestRequest.swift */; };
		EDB558D97A7B414AADC6C674 /* CodeGenerator.swift in Sources */ = {isa = PBXBuildFile; fileRef = 4899D4AAE31740EE88C6FF58 /* CodeGenerator.swift */; };
		4B31162E1A244FCCBF134C5B /* CurlCommandGenerator.swift in Sources */ = {isa = PBXBuildFile; fileRef = C8CF0BA360FB42A997985546 /* CurlCommandGenerator.swift */; };
		69F89B9CC55A4D36A03F5C86 /* CurlParser.swift in Sources */ = {isa = PBXBuildFile; fileRef = C1D138147ED24805BF67F3E2 /* CurlParser.swift */; };
		2B082EB30C364F0ABD1549B3 /* DiffEngine.swift in Sources */ = {isa = PBXBuildFile; fileRef = D37CDE9FA9BF47EBA699EBFA /* DiffEngine.swift */; };
		CC65019AAB8442B8B938CCF1 /* EnvironmentStore.swift in Sources */ = {isa = PBXBuildFile; fileRef = FB06502051364E488533D200 /* EnvironmentStore.swift */; };
		88F010D12F2E41179D71FAF5 /* EnvironmentVariableResolver.swift in Sources */ = {isa = PBXBuildFile; fileRef = 02E0D4261C704B11A9ABAE9B /* EnvironmentVariableResolver.swift */; };
		A107EC0F0C76486688BEC947 /* HistoryStore.swift in Sources */ = {isa = PBXBuildFile; fileRef = 3AEAC808B8DE4DA98088B2C3 /* HistoryStore.swift */; };
		6FED320E9A094825BA3F4454 /* NetworkEngine.swift in Sources */ = {isa = PBXBuildFile; fileRef = 68C7D15624AB4FC092610E49 /* NetworkEngine.swift */; };
		7EE6EA575A5145FCB2720E46 /* RequestBodyBuilder.swift in Sources */ = {isa = PBXBuildFile; fileRef = FC05E21B0BB94DC9B9307750 /* RequestBodyBuilder.swift */; };
		6A01C9D72CD74AA3BD32E0D1 /* ResponseFormatter.swift in Sources */ = {isa = PBXBuildFile; fileRef = B198F6F56B9A4F968CB124D0 /* ResponseFormatter.swift */; };
		0330F6D03DAD411C8149C93A /* SavedRequestsStore.swift in Sources */ = {isa = PBXBuildFile; fileRef = 9E3A7108251F4E73A1ED875D /* SavedRequestsStore.swift */; };
		EAFADE2E4A6947C7B70064C9 /* SyntaxHighlighter.swift in Sources */ = {isa = PBXBuildFile; fileRef = 1C1526E97F894047A410CB56 /* SyntaxHighlighter.swift */; };
		D123F8EE58BF4D42846993DA /* CocoaRestClientApp.swift in Sources */ = {isa = PBXBuildFile; fileRef = D9316918EA7A405EACB009AC /* CocoaRestClientApp.swift */; };
		FF4795476BE2496FB8186600 /* DiffViewModel.swift in Sources */ = {isa = PBXBuildFile; fileRef = 2746E1B290B346E6B903EF05 /* DiffViewModel.swift */; };
		6794D64746274E88B2241EF8 /* EnvironmentViewModel.swift in Sources */ = {isa = PBXBuildFile; fileRef = 46F202158B7144CEBCC8E4CD /* EnvironmentViewModel.swift */; };
		14DF41EEC48C40EEBD3B845C /* HistoryViewModel.swift in Sources */ = {isa = PBXBuildFile; fileRef = E16339E82B9A4AE98253526D /* HistoryViewModel.swift */; };
		2B406332706E4B1CB8A8C7C6 /* PreferencesViewModel.swift in Sources */ = {isa = PBXBuildFile; fileRef = 03BD8CDB2F1740788162BCC3 /* PreferencesViewModel.swift */; };
		89B2F2DA0C054095B9EBF0AE /* RequestTabViewModel.swift in Sources */ = {isa = PBXBuildFile; fileRef = 04DC0A764BBB4D9EBBFEDF19 /* RequestTabViewModel.swift */; };
		0471F10F30EC405A91736B00 /* SavedRequestsViewModel.swift in Sources */ = {isa = PBXBuildFile; fileRef = 863FD95EDDEC439C8189EA55 /* SavedRequestsViewModel.swift */; };
		374DA74DACC8465BB64F09BB /* WorkspaceViewModel.swift in Sources */ = {isa = PBXBuildFile; fileRef = 4F1D694D19E447C1BD1FB80D /* WorkspaceViewModel.swift */; };
		6828D15BA0D14253B62F7752 /* KeyValueEditorTable.swift in Sources */ = {isa = PBXBuildFile; fileRef = 2D7A6209C9D046D4B838A78D /* KeyValueEditorTable.swift */; };
		7AD17328706149AA9230AB63 /* StatusBadgeView.swift in Sources */ = {isa = PBXBuildFile; fileRef = FBF3CEEF8C1C4473B7A02A64 /* StatusBadgeView.swift */; };
		7309A26891E54D8F88B6320E /* SyntaxTextEditorView.swift in Sources */ = {isa = PBXBuildFile; fileRef = BDFBF8E1B9634C66915D951C /* SyntaxTextEditorView.swift */; };
		C6BC433B8BF948F7B55DC37A /* MainView.swift in Sources */ = {isa = PBXBuildFile; fileRef = 7C72572C61FF48CFAE35926D /* MainView.swift */; };
		1E2624DEB5584903A527453B /* CodeGeneratorSheetView.swift in Sources */ = {isa = PBXBuildFile; fileRef = B5594ECC414E4C2F989672EF /* CodeGeneratorSheetView.swift */; };
		8A992DEF876649F3B5C57A17 /* CurlImportSheetView.swift in Sources */ = {isa = PBXBuildFile; fileRef = C52B1553C6C64A58B6B51518 /* CurlImportSheetView.swift */; };
		5AAA1369FD52491BA5A4D0C6 /* DiffSheetView.swift in Sources */ = {isa = PBXBuildFile; fileRef = C183F374636D477F87C16F38 /* DiffSheetView.swift */; };
		8221E32C98EC4296A1587963 /* EnvironmentManagerSheetView.swift in Sources */ = {isa = PBXBuildFile; fileRef = 8F2855BCF2E94A95A0ED630E /* EnvironmentManagerSheetView.swift */; };
		2292187470C44F7EBC047A7E /* ExportImportSheetView.swift in Sources */ = {isa = PBXBuildFile; fileRef = 9CED2D36A07B406E8AF59E4F /* ExportImportSheetView.swift */; };
		768581202F4443BCA6388472 /* FastSearchSheetView.swift in Sources */ = {isa = PBXBuildFile; fileRef = 5D628CA06D6B48BCAC482590 /* FastSearchSheetView.swift */; };
		0E3D8CEC991E4B9E86605223 /* SaveRequestSheetView.swift in Sources */ = {isa = PBXBuildFile; fileRef = F71E70CE755A4845AB6CB68A /* SaveRequestSheetView.swift */; };
		AFC3559324684A4D98E2765E /* PreferencesView.swift in Sources */ = {isa = PBXBuildFile; fileRef = A0F8BF0C01544862B8DE59BE /* PreferencesView.swift */; };
		A2BF5663BB5B4C1FB5C3C94E /* AuthEditorView.swift in Sources */ = {isa = PBXBuildFile; fileRef = 78902629D80A47DB8F6C0AEC /* AuthEditorView.swift */; };
		0FB1F9D64CFD4CD1B7022CFA /* FilesTableView.swift in Sources */ = {isa = PBXBuildFile; fileRef = F52EF9CD78D2478FB0450634 /* FilesTableView.swift */; };
		039934C0E2BE4A89A92C4207 /* GraphQLBodyEditorView.swift in Sources */ = {isa = PBXBuildFile; fileRef = 112350B9AC2445E780DBDC3D /* GraphQLBodyEditorView.swift */; };
		4069B873F1874DB8B23C5FFE /* HeadersTableView.swift in Sources */ = {isa = PBXBuildFile; fileRef = ED0922CE6B414AB89F62A463 /* HeadersTableView.swift */; };
		58ADD2203D07489EB47A4118 /* ParamsTableView.swift in Sources */ = {isa = PBXBuildFile; fileRef = C1A0D6DDD79A4399896F1552 /* ParamsTableView.swift */; };
		4072906DC3194EFC84CD91AC /* RequestBodyEditorView.swift in Sources */ = {isa = PBXBuildFile; fileRef = 5A9A6224E46D4C3F836A19BD /* RequestBodyEditorView.swift */; };
		C321119A165B4D15AF8ED39E /* RequestHeaderBar.swift in Sources */ = {isa = PBXBuildFile; fileRef = 54AD23CDB0354AE1984FA6BD /* RequestHeaderBar.swift */; };
		E01A3FB029F64F79BCDA966B /* HTMLPreviewView.swift in Sources */ = {isa = PBXBuildFile; fileRef = 93279EF830914615BA8FE9A9 /* HTMLPreviewView.swift */; };
		6F08E470A8B448B98ED3F7B8 /* ImageViewerView.swift in Sources */ = {isa = PBXBuildFile; fileRef = 92D3AF359EC340D0A8D35F4B /* ImageViewerView.swift */; };
		ECEB2E2115BF485B92D4D12B /* ResponseHeadersView.swift in Sources */ = {isa = PBXBuildFile; fileRef = 5A15F18886924B07BB9B1878 /* ResponseHeadersView.swift */; };
		D52556893AE148B89B3B9882 /* ResponseViewerView.swift in Sources */ = {isa = PBXBuildFile; fileRef = 01AB6B138018475CBF59C491 /* ResponseViewerView.swift */; };
		CAD8C921552A45D0941314E4 /* SentHeadersView.swift in Sources */ = {isa = PBXBuildFile; fileRef = C1B68AFD005A446194EB7870 /* SentHeadersView.swift */; };
		D5FABFC13E3042F6A60A57D9 /* HistorySidebarView.swift in Sources */ = {isa = PBXBuildFile; fileRef = DA34E75934654BDAB3D3CE01 /* HistorySidebarView.swift */; };
		84FF6E109B724FA19D022185 /* SavedRequestsSidebarView.swift in Sources */ = {isa = PBXBuildFile; fileRef = 92DD6C6D64A2430AB2615B9D /* SavedRequestsSidebarView.swift */; };
		D74956858B0349F99A6F5F6E /* CodeGeneratorTests.swift in Sources */ = {isa = PBXBuildFile; fileRef = 0B5EDFBDF42645EB866C282C /* CodeGeneratorTests.swift */; };
		033DF1C589D04F5BAEED2C36 /* CurlCommandGeneratorTests.swift in Sources */ = {isa = PBXBuildFile; fileRef = 907B42E2FDAE460E8B1C4EFF /* CurlCommandGeneratorTests.swift */; };
		21039E1EE654444A86845870 /* CurlParserTests.swift in Sources */ = {isa = PBXBuildFile; fileRef = 383D9FA4B2404ACF8FCFB1E9 /* CurlParserTests.swift */; };
		664964CB1AD943ECBE87E3AC /* DiffEngineTests.swift in Sources */ = {isa = PBXBuildFile; fileRef = 6E7810DC6D44478EA0C40C88 /* DiffEngineTests.swift */; };
		057ACA849698410882484B9F /* EnvironmentStoreTests.swift in Sources */ = {isa = PBXBuildFile; fileRef = 740D09D94E1F4736BA9984CE /* EnvironmentStoreTests.swift */; };
		5F545E23BF4F45A686DDEFC8 /* EnvironmentVariableResolverTests.swift in Sources */ = {isa = PBXBuildFile; fileRef = BD66F7E404374D00BF6DDCDF /* EnvironmentVariableResolverTests.swift */; };
		EB5BBD8F811049B99B438AAF /* HistoryStoreTests.swift in Sources */ = {isa = PBXBuildFile; fileRef = 7149CB7DFC5440A0ABAEADEA /* HistoryStoreTests.swift */; };
		CED65FD04D184FB6B5858A49 /* NetworkEngineTests.swift in Sources */ = {isa = PBXBuildFile; fileRef = 738EC28DC8FD467CAA327767 /* NetworkEngineTests.swift */; };
		F8C6D1730E13477690245C06 /* ResponseFormatterTests.swift in Sources */ = {isa = PBXBuildFile; fileRef = 7B7A8DDE27F448DEADF11185 /* ResponseFormatterTests.swift */; };
		3B5C8455AB1348FB92C27BF8 /* RestRequestTests.swift in Sources */ = {isa = PBXBuildFile; fileRef = DAD3A94B031A4366B3904186 /* RestRequestTests.swift */; };
		4755D05A7BDC45639FFE71F1 /* SavedRequestsStoreTests.swift in Sources */ = {isa = PBXBuildFile; fileRef = B8FAAA85944146E9B108F891 /* SavedRequestsStoreTests.swift */; };
		029A47DD2F694EF493A05EB1 /* SyntaxHighlighterTests.swift in Sources */ = {isa = PBXBuildFile; fileRef = 1C335A37A9E6445DADA90D5B /* SyntaxHighlighterTests.swift */; };
		66429C37000F457597956C23 /* AppIcon.icns in Resources */ = {isa = PBXBuildFile; fileRef = 0B8D6F7E35604A278BAE4A7B /* AppIcon.icns */; };
		925A7BEC8B9A4A6AB84E680E /* Assets.xcassets in Resources */ = {isa = PBXBuildFile; fileRef = F54D32B91A2D463F9392957D /* Assets.xcassets */; };
		5C30999737C747E6B960B3BD /* libCocoaRestClientCore.a in Frameworks */ = {isa = PBXBuildFile; fileRef = 74AEEC31C7944B82A4254569 /* libCocoaRestClientCore.a */; };
		CAF8A2FC5F684740A6D71FC3 /* libCocoaRestClientCore.a in Frameworks */ = {isa = PBXBuildFile; fileRef = 74AEEC31C7944B82A4254569 /* libCocoaRestClientCore.a */; };
/* End PBXBuildFile section */

/* Begin PBXContainerItemProxy section */
		C5E3FD4DAA3C4CBB9C7614B0 /* PBXContainerItemProxy */ = {
			isa = PBXContainerItemProxy;
			containerPortal = 98F6EB8E70A84F109C626DDF /* Project object */;
			proxyType = 1;
			remoteGlobalIDString = 28F66AE2785743B6869658CE;
			remoteInfo = CocoaRestClientCore;
		};
		07474D7EA13F4300AA9B8364 /* PBXContainerItemProxy */ = {
			isa = PBXContainerItemProxy;
			containerPortal = 98F6EB8E70A84F109C626DDF /* Project object */;
			proxyType = 1;
			remoteGlobalIDString = 28F66AE2785743B6869658CE;
			remoteInfo = CocoaRestClientCore;
		};
/* End PBXContainerItemProxy section */

/* Begin PBXFileReference section */
		D9316918EA7A405EACB009AC /* CocoaRestClientApp.swift */ = {isa = PBXFileReference; lastKnownFileType = sourcecode.swift; path = "CocoaRestClientApp.swift"; sourceTree = "<group>"; };
		2746E1B290B346E6B903EF05 /* DiffViewModel.swift */ = {isa = PBXFileReference; lastKnownFileType = sourcecode.swift; path = "DiffViewModel.swift"; sourceTree = "<group>"; };
		46F202158B7144CEBCC8E4CD /* EnvironmentViewModel.swift */ = {isa = PBXFileReference; lastKnownFileType = sourcecode.swift; path = "EnvironmentViewModel.swift"; sourceTree = "<group>"; };
		E16339E82B9A4AE98253526D /* HistoryViewModel.swift */ = {isa = PBXFileReference; lastKnownFileType = sourcecode.swift; path = "HistoryViewModel.swift"; sourceTree = "<group>"; };
		03BD8CDB2F1740788162BCC3 /* PreferencesViewModel.swift */ = {isa = PBXFileReference; lastKnownFileType = sourcecode.swift; path = "PreferencesViewModel.swift"; sourceTree = "<group>"; };
		04DC0A764BBB4D9EBBFEDF19 /* RequestTabViewModel.swift */ = {isa = PBXFileReference; lastKnownFileType = sourcecode.swift; path = "RequestTabViewModel.swift"; sourceTree = "<group>"; };
		863FD95EDDEC439C8189EA55 /* SavedRequestsViewModel.swift */ = {isa = PBXFileReference; lastKnownFileType = sourcecode.swift; path = "SavedRequestsViewModel.swift"; sourceTree = "<group>"; };
		4F1D694D19E447C1BD1FB80D /* WorkspaceViewModel.swift */ = {isa = PBXFileReference; lastKnownFileType = sourcecode.swift; path = "WorkspaceViewModel.swift"; sourceTree = "<group>"; };
		2D7A6209C9D046D4B838A78D /* KeyValueEditorTable.swift */ = {isa = PBXFileReference; lastKnownFileType = sourcecode.swift; path = "KeyValueEditorTable.swift"; sourceTree = "<group>"; };
		FBF3CEEF8C1C4473B7A02A64 /* StatusBadgeView.swift */ = {isa = PBXFileReference; lastKnownFileType = sourcecode.swift; path = "StatusBadgeView.swift"; sourceTree = "<group>"; };
		BDFBF8E1B9634C66915D951C /* SyntaxTextEditorView.swift */ = {isa = PBXFileReference; lastKnownFileType = sourcecode.swift; path = "SyntaxTextEditorView.swift"; sourceTree = "<group>"; };
		7C72572C61FF48CFAE35926D /* MainView.swift */ = {isa = PBXFileReference; lastKnownFileType = sourcecode.swift; path = "MainView.swift"; sourceTree = "<group>"; };
		B5594ECC414E4C2F989672EF /* CodeGeneratorSheetView.swift */ = {isa = PBXFileReference; lastKnownFileType = sourcecode.swift; path = "CodeGeneratorSheetView.swift"; sourceTree = "<group>"; };
		C52B1553C6C64A58B6B51518 /* CurlImportSheetView.swift */ = {isa = PBXFileReference; lastKnownFileType = sourcecode.swift; path = "CurlImportSheetView.swift"; sourceTree = "<group>"; };
		C183F374636D477F87C16F38 /* DiffSheetView.swift */ = {isa = PBXFileReference; lastKnownFileType = sourcecode.swift; path = "DiffSheetView.swift"; sourceTree = "<group>"; };
		8F2855BCF2E94A95A0ED630E /* EnvironmentManagerSheetView.swift */ = {isa = PBXFileReference; lastKnownFileType = sourcecode.swift; path = "EnvironmentManagerSheetView.swift"; sourceTree = "<group>"; };
		9CED2D36A07B406E8AF59E4F /* ExportImportSheetView.swift */ = {isa = PBXFileReference; lastKnownFileType = sourcecode.swift; path = "ExportImportSheetView.swift"; sourceTree = "<group>"; };
		5D628CA06D6B48BCAC482590 /* FastSearchSheetView.swift */ = {isa = PBXFileReference; lastKnownFileType = sourcecode.swift; path = "FastSearchSheetView.swift"; sourceTree = "<group>"; };
		F71E70CE755A4845AB6CB68A /* SaveRequestSheetView.swift */ = {isa = PBXFileReference; lastKnownFileType = sourcecode.swift; path = "SaveRequestSheetView.swift"; sourceTree = "<group>"; };
		A0F8BF0C01544862B8DE59BE /* PreferencesView.swift */ = {isa = PBXFileReference; lastKnownFileType = sourcecode.swift; path = "PreferencesView.swift"; sourceTree = "<group>"; };
		78902629D80A47DB8F6C0AEC /* AuthEditorView.swift */ = {isa = PBXFileReference; lastKnownFileType = sourcecode.swift; path = "AuthEditorView.swift"; sourceTree = "<group>"; };
		F52EF9CD78D2478FB0450634 /* FilesTableView.swift */ = {isa = PBXFileReference; lastKnownFileType = sourcecode.swift; path = "FilesTableView.swift"; sourceTree = "<group>"; };
		112350B9AC2445E780DBDC3D /* GraphQLBodyEditorView.swift */ = {isa = PBXFileReference; lastKnownFileType = sourcecode.swift; path = "GraphQLBodyEditorView.swift"; sourceTree = "<group>"; };
		ED0922CE6B414AB89F62A463 /* HeadersTableView.swift */ = {isa = PBXFileReference; lastKnownFileType = sourcecode.swift; path = "HeadersTableView.swift"; sourceTree = "<group>"; };
		C1A0D6DDD79A4399896F1552 /* ParamsTableView.swift */ = {isa = PBXFileReference; lastKnownFileType = sourcecode.swift; path = "ParamsTableView.swift"; sourceTree = "<group>"; };
		5A9A6224E46D4C3F836A19BD /* RequestBodyEditorView.swift */ = {isa = PBXFileReference; lastKnownFileType = sourcecode.swift; path = "RequestBodyEditorView.swift"; sourceTree = "<group>"; };
		54AD23CDB0354AE1984FA6BD /* RequestHeaderBar.swift */ = {isa = PBXFileReference; lastKnownFileType = sourcecode.swift; path = "RequestHeaderBar.swift"; sourceTree = "<group>"; };
		93279EF830914615BA8FE9A9 /* HTMLPreviewView.swift */ = {isa = PBXFileReference; lastKnownFileType = sourcecode.swift; path = "HTMLPreviewView.swift"; sourceTree = "<group>"; };
		92D3AF359EC340D0A8D35F4B /* ImageViewerView.swift */ = {isa = PBXFileReference; lastKnownFileType = sourcecode.swift; path = "ImageViewerView.swift"; sourceTree = "<group>"; };
		5A15F18886924B07BB9B1878 /* ResponseHeadersView.swift */ = {isa = PBXFileReference; lastKnownFileType = sourcecode.swift; path = "ResponseHeadersView.swift"; sourceTree = "<group>"; };
		01AB6B138018475CBF59C491 /* ResponseViewerView.swift */ = {isa = PBXFileReference; lastKnownFileType = sourcecode.swift; path = "ResponseViewerView.swift"; sourceTree = "<group>"; };
		C1B68AFD005A446194EB7870 /* SentHeadersView.swift */ = {isa = PBXFileReference; lastKnownFileType = sourcecode.swift; path = "SentHeadersView.swift"; sourceTree = "<group>"; };
		DA34E75934654BDAB3D3CE01 /* HistorySidebarView.swift */ = {isa = PBXFileReference; lastKnownFileType = sourcecode.swift; path = "HistorySidebarView.swift"; sourceTree = "<group>"; };
		92DD6C6D64A2430AB2615B9D /* SavedRequestsSidebarView.swift */ = {isa = PBXFileReference; lastKnownFileType = sourcecode.swift; path = "SavedRequestsSidebarView.swift"; sourceTree = "<group>"; };
		DB5BB238B9FA48BC9AEFE41E /* Authentication.swift */ = {isa = PBXFileReference; lastKnownFileType = sourcecode.swift; path = "Authentication.swift"; sourceTree = "<group>"; };
		4CB95A80A0554CB58E992A4A /* CRCConstants.swift */ = {isa = PBXFileReference; lastKnownFileType = sourcecode.swift; path = "CRCConstants.swift"; sourceTree = "<group>"; };
		0B3E37D84BDD41FE8A31AA68 /* EnvironmentProfile.swift */ = {isa = PBXFileReference; lastKnownFileType = sourcecode.swift; path = "EnvironmentProfile.swift"; sourceTree = "<group>"; };
		0CAC75590F6246A9B5451273 /* FileAttachment.swift */ = {isa = PBXFileReference; lastKnownFileType = sourcecode.swift; path = "FileAttachment.swift"; sourceTree = "<group>"; };
		F0E0495C64F342EDA263F858 /* HTTPMethod.swift */ = {isa = PBXFileReference; lastKnownFileType = sourcecode.swift; path = "HTTPMethod.swift"; sourceTree = "<group>"; };
		F2FC430F45054E86A69C996F /* HistoryItem.swift */ = {isa = PBXFileReference; lastKnownFileType = sourcecode.swift; path = "HistoryItem.swift"; sourceTree = "<group>"; };
		C42AE53F18C6475892CFDA61 /* KeyValuePair.swift */ = {isa = PBXFileReference; lastKnownFileType = sourcecode.swift; path = "KeyValuePair.swift"; sourceTree = "<group>"; };
		16CC4920F16247D5A3A0A8E2 /* RequestFolder.swift */ = {isa = PBXFileReference; lastKnownFileType = sourcecode.swift; path = "RequestFolder.swift"; sourceTree = "<group>"; };
		ADABA8A138FC418CB0BEDC4A /* RestRequest.swift */ = {isa = PBXFileReference; lastKnownFileType = sourcecode.swift; path = "RestRequest.swift"; sourceTree = "<group>"; };
		4899D4AAE31740EE88C6FF58 /* CodeGenerator.swift */ = {isa = PBXFileReference; lastKnownFileType = sourcecode.swift; path = "CodeGenerator.swift"; sourceTree = "<group>"; };
		C8CF0BA360FB42A997985546 /* CurlCommandGenerator.swift */ = {isa = PBXFileReference; lastKnownFileType = sourcecode.swift; path = "CurlCommandGenerator.swift"; sourceTree = "<group>"; };
		C1D138147ED24805BF67F3E2 /* CurlParser.swift */ = {isa = PBXFileReference; lastKnownFileType = sourcecode.swift; path = "CurlParser.swift"; sourceTree = "<group>"; };
		D37CDE9FA9BF47EBA699EBFA /* DiffEngine.swift */ = {isa = PBXFileReference; lastKnownFileType = sourcecode.swift; path = "DiffEngine.swift"; sourceTree = "<group>"; };
		FB06502051364E488533D200 /* EnvironmentStore.swift */ = {isa = PBXFileReference; lastKnownFileType = sourcecode.swift; path = "EnvironmentStore.swift"; sourceTree = "<group>"; };
		02E0D4261C704B11A9ABAE9B /* EnvironmentVariableResolver.swift */ = {isa = PBXFileReference; lastKnownFileType = sourcecode.swift; path = "EnvironmentVariableResolver.swift"; sourceTree = "<group>"; };
		3AEAC808B8DE4DA98088B2C3 /* HistoryStore.swift */ = {isa = PBXFileReference; lastKnownFileType = sourcecode.swift; path = "HistoryStore.swift"; sourceTree = "<group>"; };
		68C7D15624AB4FC092610E49 /* NetworkEngine.swift */ = {isa = PBXFileReference; lastKnownFileType = sourcecode.swift; path = "NetworkEngine.swift"; sourceTree = "<group>"; };
		FC05E21B0BB94DC9B9307750 /* RequestBodyBuilder.swift */ = {isa = PBXFileReference; lastKnownFileType = sourcecode.swift; path = "RequestBodyBuilder.swift"; sourceTree = "<group>"; };
		B198F6F56B9A4F968CB124D0 /* ResponseFormatter.swift */ = {isa = PBXFileReference; lastKnownFileType = sourcecode.swift; path = "ResponseFormatter.swift"; sourceTree = "<group>"; };
		9E3A7108251F4E73A1ED875D /* SavedRequestsStore.swift */ = {isa = PBXFileReference; lastKnownFileType = sourcecode.swift; path = "SavedRequestsStore.swift"; sourceTree = "<group>"; };
		1C1526E97F894047A410CB56 /* SyntaxHighlighter.swift */ = {isa = PBXFileReference; lastKnownFileType = sourcecode.swift; path = "SyntaxHighlighter.swift"; sourceTree = "<group>"; };
		0B5EDFBDF42645EB866C282C /* CodeGeneratorTests.swift */ = {isa = PBXFileReference; lastKnownFileType = sourcecode.swift; path = "CodeGeneratorTests.swift"; sourceTree = "<group>"; };
		907B42E2FDAE460E8B1C4EFF /* CurlCommandGeneratorTests.swift */ = {isa = PBXFileReference; lastKnownFileType = sourcecode.swift; path = "CurlCommandGeneratorTests.swift"; sourceTree = "<group>"; };
		383D9FA4B2404ACF8FCFB1E9 /* CurlParserTests.swift */ = {isa = PBXFileReference; lastKnownFileType = sourcecode.swift; path = "CurlParserTests.swift"; sourceTree = "<group>"; };
		6E7810DC6D44478EA0C40C88 /* DiffEngineTests.swift */ = {isa = PBXFileReference; lastKnownFileType = sourcecode.swift; path = "DiffEngineTests.swift"; sourceTree = "<group>"; };
		740D09D94E1F4736BA9984CE /* EnvironmentStoreTests.swift */ = {isa = PBXFileReference; lastKnownFileType = sourcecode.swift; path = "EnvironmentStoreTests.swift"; sourceTree = "<group>"; };
		BD66F7E404374D00BF6DDCDF /* EnvironmentVariableResolverTests.swift */ = {isa = PBXFileReference; lastKnownFileType = sourcecode.swift; path = "EnvironmentVariableResolverTests.swift"; sourceTree = "<group>"; };
		7149CB7DFC5440A0ABAEADEA /* HistoryStoreTests.swift */ = {isa = PBXFileReference; lastKnownFileType = sourcecode.swift; path = "HistoryStoreTests.swift"; sourceTree = "<group>"; };
		738EC28DC8FD467CAA327767 /* NetworkEngineTests.swift */ = {isa = PBXFileReference; lastKnownFileType = sourcecode.swift; path = "NetworkEngineTests.swift"; sourceTree = "<group>"; };
		7B7A8DDE27F448DEADF11185 /* ResponseFormatterTests.swift */ = {isa = PBXFileReference; lastKnownFileType = sourcecode.swift; path = "ResponseFormatterTests.swift"; sourceTree = "<group>"; };
		DAD3A94B031A4366B3904186 /* RestRequestTests.swift */ = {isa = PBXFileReference; lastKnownFileType = sourcecode.swift; path = "RestRequestTests.swift"; sourceTree = "<group>"; };
		B8FAAA85944146E9B108F891 /* SavedRequestsStoreTests.swift */ = {isa = PBXFileReference; lastKnownFileType = sourcecode.swift; path = "SavedRequestsStoreTests.swift"; sourceTree = "<group>"; };
		1C335A37A9E6445DADA90D5B /* SyntaxHighlighterTests.swift */ = {isa = PBXFileReference; lastKnownFileType = sourcecode.swift; path = "SyntaxHighlighterTests.swift"; sourceTree = "<group>"; };
		0B8D6F7E35604A278BAE4A7B /* AppIcon.icns */ = {isa = PBXFileReference; lastKnownFileType = image.icns; path = "AppIcon.icns"; sourceTree = "<group>"; };
		F54D32B91A2D463F9392957D /* Assets.xcassets */ = {isa = PBXFileReference; lastKnownFileType = folder.assetcatalog; path = "Assets.xcassets"; sourceTree = "<group>"; };
		7C499789D0B44244BEEDAEB5 /* Info.plist */ = {isa = PBXFileReference; lastKnownFileType = text.plist.xml; path = "Info.plist"; sourceTree = "<group>"; };
		681F860404ED40639A582BDE /* CocoaRestClient.app */ = {isa = PBXFileReference; explicitFileType = wrapper.application; includeInIndex = 0; path = CocoaRestClient.app; sourceTree = BUILT_PRODUCTS_DIR; };
		74AEEC31C7944B82A4254569 /* libCocoaRestClientCore.a */ = {isa = PBXFileReference; explicitFileType = archive.ar; includeInIndex = 0; path = libCocoaRestClientCore.a; sourceTree = BUILT_PRODUCTS_DIR; };
		F300E7D1A5D7429097CBB849 /* CocoaRestClientTests.xctest */ = {isa = PBXFileReference; explicitFileType = wrapper.cfbundle; includeInIndex = 0; path = CocoaRestClientTests.xctest; sourceTree = BUILT_PRODUCTS_DIR; };
/* End PBXFileReference section */

/* Begin PBXFrameworksBuildPhase section */
		80A38DCEF4434671805134E8 /* Frameworks */ = {
			isa = PBXFrameworksBuildPhase;
			buildActionMask = 2147483647;
			files = (
			);
			runOnlyForDeploymentPostprocessing = 0;
		};
		BD48EB4AD04C4DEDAEA0D444 /* Frameworks */ = {
			isa = PBXFrameworksBuildPhase;
			buildActionMask = 2147483647;
			files = (
				5C30999737C747E6B960B3BD /* libCocoaRestClientCore.a in Frameworks */,
			);
			runOnlyForDeploymentPostprocessing = 0;
		};
		CCDFBB28BE84417CA6C478E2 /* Frameworks */ = {
			isa = PBXFrameworksBuildPhase;
			buildActionMask = 2147483647;
			files = (
				CAF8A2FC5F684740A6D71FC3 /* libCocoaRestClientCore.a in Frameworks */,
			);
			runOnlyForDeploymentPostprocessing = 0;
		};
/* End PBXFrameworksBuildPhase section */

/* Begin PBXGroup section */
		27BE448C0243492A8D79FDA8 /* ViewModels */ = {
			isa = PBXGroup;
			children = (
				2746E1B290B346E6B903EF05 /* DiffViewModel.swift */,
				46F202158B7144CEBCC8E4CD /* EnvironmentViewModel.swift */,
				E16339E82B9A4AE98253526D /* HistoryViewModel.swift */,
				03BD8CDB2F1740788162BCC3 /* PreferencesViewModel.swift */,
				04DC0A764BBB4D9EBBFEDF19 /* RequestTabViewModel.swift */,
				863FD95EDDEC439C8189EA55 /* SavedRequestsViewModel.swift */,
				4F1D694D19E447C1BD1FB80D /* WorkspaceViewModel.swift */,
			);
			path = "ViewModels"; sourceTree = "<group>";
		};
		C32CFFC8639A47C88E2A5490 /* Components */ = {
			isa = PBXGroup;
			children = (
				2D7A6209C9D046D4B838A78D /* KeyValueEditorTable.swift */,
				FBF3CEEF8C1C4473B7A02A64 /* StatusBadgeView.swift */,
				BDFBF8E1B9634C66915D951C /* SyntaxTextEditorView.swift */,
			);
			path = "Components"; sourceTree = "<group>";
		};
		8C01EAA39F8E41C787C6FF11 /* Modals */ = {
			isa = PBXGroup;
			children = (
				B5594ECC414E4C2F989672EF /* CodeGeneratorSheetView.swift */,
				C52B1553C6C64A58B6B51518 /* CurlImportSheetView.swift */,
				C183F374636D477F87C16F38 /* DiffSheetView.swift */,
				8F2855BCF2E94A95A0ED630E /* EnvironmentManagerSheetView.swift */,
				9CED2D36A07B406E8AF59E4F /* ExportImportSheetView.swift */,
				5D628CA06D6B48BCAC482590 /* FastSearchSheetView.swift */,
				F71E70CE755A4845AB6CB68A /* SaveRequestSheetView.swift */,
			);
			path = "Modals"; sourceTree = "<group>";
		};
		CBBC1C61E8004647A7AE41FA /* Preferences */ = {
			isa = PBXGroup;
			children = (
				A0F8BF0C01544862B8DE59BE /* PreferencesView.swift */,
			);
			path = "Preferences"; sourceTree = "<group>";
		};
		DF87256882FC4CB1B7045823 /* RequestEditor */ = {
			isa = PBXGroup;
			children = (
				78902629D80A47DB8F6C0AEC /* AuthEditorView.swift */,
				F52EF9CD78D2478FB0450634 /* FilesTableView.swift */,
				112350B9AC2445E780DBDC3D /* GraphQLBodyEditorView.swift */,
				ED0922CE6B414AB89F62A463 /* HeadersTableView.swift */,
				C1A0D6DDD79A4399896F1552 /* ParamsTableView.swift */,
				5A9A6224E46D4C3F836A19BD /* RequestBodyEditorView.swift */,
				54AD23CDB0354AE1984FA6BD /* RequestHeaderBar.swift */,
			);
			path = "RequestEditor"; sourceTree = "<group>";
		};
		534FDFD25272436A946AC958 /* ResponseViewer */ = {
			isa = PBXGroup;
			children = (
				93279EF830914615BA8FE9A9 /* HTMLPreviewView.swift */,
				92D3AF359EC340D0A8D35F4B /* ImageViewerView.swift */,
				5A15F18886924B07BB9B1878 /* ResponseHeadersView.swift */,
				01AB6B138018475CBF59C491 /* ResponseViewerView.swift */,
				C1B68AFD005A446194EB7870 /* SentHeadersView.swift */,
			);
			path = "ResponseViewer"; sourceTree = "<group>";
		};
		282B573310064781BB5BCDD7 /* Sidebar */ = {
			isa = PBXGroup;
			children = (
				DA34E75934654BDAB3D3CE01 /* HistorySidebarView.swift */,
				92DD6C6D64A2430AB2615B9D /* SavedRequestsSidebarView.swift */,
			);
			path = "Sidebar"; sourceTree = "<group>";
		};
		4ECDE95133DA481789E9CB91 /* Views */ = {
			isa = PBXGroup;
			children = (
				C32CFFC8639A47C88E2A5490 /* Components */,
				8C01EAA39F8E41C787C6FF11 /* Modals */,
				CBBC1C61E8004647A7AE41FA /* Preferences */,
				DF87256882FC4CB1B7045823 /* RequestEditor */,
				534FDFD25272436A946AC958 /* ResponseViewer */,
				282B573310064781BB5BCDD7 /* Sidebar */,
				7C72572C61FF48CFAE35926D /* MainView.swift */,
			);
			path = "Views"; sourceTree = "<group>";
		};
		44F478666C3D4CE3852B4587 /* CocoaRestClient */ = {
			isa = PBXGroup;
			children = (
				27BE448C0243492A8D79FDA8 /* ViewModels */,
				4ECDE95133DA481789E9CB91 /* Views */,
				D9316918EA7A405EACB009AC /* CocoaRestClientApp.swift */,
			);
			name = "CocoaRestClient"; path = "Sources/CocoaRestClient"; sourceTree = "<group>";
		};
		8DC8A1DA236840FA8F73D56C /* Models */ = {
			isa = PBXGroup;
			children = (
				DB5BB238B9FA48BC9AEFE41E /* Authentication.swift */,
				4CB95A80A0554CB58E992A4A /* CRCConstants.swift */,
				0B3E37D84BDD41FE8A31AA68 /* EnvironmentProfile.swift */,
				0CAC75590F6246A9B5451273 /* FileAttachment.swift */,
				F0E0495C64F342EDA263F858 /* HTTPMethod.swift */,
				F2FC430F45054E86A69C996F /* HistoryItem.swift */,
				C42AE53F18C6475892CFDA61 /* KeyValuePair.swift */,
				16CC4920F16247D5A3A0A8E2 /* RequestFolder.swift */,
				ADABA8A138FC418CB0BEDC4A /* RestRequest.swift */,
			);
			path = "Models"; sourceTree = "<group>";
		};
		E1C8EB0F2BEE45C6820DA6B2 /* Services */ = {
			isa = PBXGroup;
			children = (
				4899D4AAE31740EE88C6FF58 /* CodeGenerator.swift */,
				C8CF0BA360FB42A997985546 /* CurlCommandGenerator.swift */,
				C1D138147ED24805BF67F3E2 /* CurlParser.swift */,
				D37CDE9FA9BF47EBA699EBFA /* DiffEngine.swift */,
				FB06502051364E488533D200 /* EnvironmentStore.swift */,
				02E0D4261C704B11A9ABAE9B /* EnvironmentVariableResolver.swift */,
				3AEAC808B8DE4DA98088B2C3 /* HistoryStore.swift */,
				68C7D15624AB4FC092610E49 /* NetworkEngine.swift */,
				FC05E21B0BB94DC9B9307750 /* RequestBodyBuilder.swift */,
				B198F6F56B9A4F968CB124D0 /* ResponseFormatter.swift */,
				9E3A7108251F4E73A1ED875D /* SavedRequestsStore.swift */,
				1C1526E97F894047A410CB56 /* SyntaxHighlighter.swift */,
			);
			path = "Services"; sourceTree = "<group>";
		};
		88213675D12C4361AFAE9A9E /* CocoaRestClientCore */ = {
			isa = PBXGroup;
			children = (
				8DC8A1DA236840FA8F73D56C /* Models */,
				E1C8EB0F2BEE45C6820DA6B2 /* Services */,
			);
			name = "CocoaRestClientCore"; path = "Sources/CocoaRestClientCore"; sourceTree = "<group>";
		};
		2FC9C97890134529841532E5 /* CocoaRestClientTests */ = {
			isa = PBXGroup;
			children = (
				0B5EDFBDF42645EB866C282C /* CodeGeneratorTests.swift */,
				907B42E2FDAE460E8B1C4EFF /* CurlCommandGeneratorTests.swift */,
				383D9FA4B2404ACF8FCFB1E9 /* CurlParserTests.swift */,
				6E7810DC6D44478EA0C40C88 /* DiffEngineTests.swift */,
				740D09D94E1F4736BA9984CE /* EnvironmentStoreTests.swift */,
				BD66F7E404374D00BF6DDCDF /* EnvironmentVariableResolverTests.swift */,
				7149CB7DFC5440A0ABAEADEA /* HistoryStoreTests.swift */,
				738EC28DC8FD467CAA327767 /* NetworkEngineTests.swift */,
				7B7A8DDE27F448DEADF11185 /* ResponseFormatterTests.swift */,
				DAD3A94B031A4366B3904186 /* RestRequestTests.swift */,
				B8FAAA85944146E9B108F891 /* SavedRequestsStoreTests.swift */,
				1C335A37A9E6445DADA90D5B /* SyntaxHighlighterTests.swift */,
			);
			name = "CocoaRestClientTests"; path = "Tests/CocoaRestClientTests"; sourceTree = "<group>";
		};
		3B8087D04F314AEEAA1DDA88 /* Resources */ = {
			isa = PBXGroup;
			children = (
				0B8D6F7E35604A278BAE4A7B /* AppIcon.icns */,
				F54D32B91A2D463F9392957D /* Assets.xcassets */,
				7C499789D0B44244BEEDAEB5 /* Info.plist */,
			);
			path = "Resources"; sourceTree = "<group>";
		};
		E50680046D8947E897022A47 /* Products */ = {
			isa = PBXGroup;
			children = (
				681F860404ED40639A582BDE /* CocoaRestClient.app */,
				74AEEC31C7944B82A4254569 /* libCocoaRestClientCore.a */,
				F300E7D1A5D7429097CBB849 /* CocoaRestClientTests.xctest */,
			);
			name = Products;
			sourceTree = "<group>";
		};
		E6A8C56AA8CD469FA0336406 = {
			isa = PBXGroup;
			children = (
				44F478666C3D4CE3852B4587 /* CocoaRestClient */,
				88213675D12C4361AFAE9A9E /* CocoaRestClientCore */,
				3B8087D04F314AEEAA1DDA88 /* Resources */,
				2FC9C97890134529841532E5 /* CocoaRestClientTests */,
				E50680046D8947E897022A47 /* Products */,
			);
			sourceTree = "<group>";
		};
/* End PBXGroup section */

/* Begin PBXNativeTarget section */
		28F66AE2785743B6869658CE /* CocoaRestClientCore */ = {
			isa = PBXNativeTarget;
			buildConfigurationList = 8C7282BEDC63481C864B9BC1 /* Build configuration list for PBXNativeTarget "CocoaRestClientCore" */;
			buildPhases = (
				7CAA73BF07C044E1AE8FB5C1 /* Sources */,
				80A38DCEF4434671805134E8 /* Frameworks */,
			);
			buildRules = (
			);
			dependencies = (
			);
			name = CocoaRestClientCore;
			productName = CocoaRestClientCore;
			productReference = 74AEEC31C7944B82A4254569 /* libCocoaRestClientCore.a */;
			productType = "com.apple.product-type.library.static";
		};
		5CE6C2AB183C4812AAAFAC4D /* CocoaRestClient */ = {
			isa = PBXNativeTarget;
			buildConfigurationList = BC4DF65F7A52432680EE29BF /* Build configuration list for PBXNativeTarget "CocoaRestClient" */;
			buildPhases = (
				773EFF7EF234460A894235F3 /* Sources */,
				BD48EB4AD04C4DEDAEA0D444 /* Frameworks */,
				480E6867999A4977AA46FC59 /* Resources */,
			);
			buildRules = (
			);
			dependencies = (
				3FBF51815EBF412E8F0039A4 /* PBXTargetDependency */,
			);
			name = CocoaRestClient;
			productName = CocoaRestClient;
			productReference = 681F860404ED40639A582BDE /* CocoaRestClient.app */;
			productType = "com.apple.product-type.application";
		};
		3A356FAFFA1546BA87839A64 /* CocoaRestClientTests */ = {
			isa = PBXNativeTarget;
			buildConfigurationList = 20A2A523624846638332D52B /* Build configuration list for PBXNativeTarget "CocoaRestClientTests" */;
			buildPhases = (
				46D2D1F8DDD74E01880D8112 /* Sources */,
				CCDFBB28BE84417CA6C478E2 /* Frameworks */,
			);
			buildRules = (
			);
			dependencies = (
				B7D861AB59E34FC4BC04AF70 /* PBXTargetDependency */,
			);
			name = CocoaRestClientTests;
			productName = CocoaRestClientTests;
			productReference = F300E7D1A5D7429097CBB849 /* CocoaRestClientTests.xctest */;
			productType = "com.apple.product-type.bundle.unit-test";
		};
/* End PBXNativeTarget section */

/* Begin PBXProject section */
		98F6EB8E70A84F109C626DDF /* Project object */ = {
			isa = PBXProject;
			attributes = {
				BuildIndependentTargetsInParallel = 1;
				LastSwiftUpdateCheck = 1500;
				LastUpgradeCheck = 1500;
				TargetAttributes = {
					5CE6C2AB183C4812AAAFAC4D = {
						CreatedOnToolsVersion = 15.0;
					};
					28F66AE2785743B6869658CE = {
						CreatedOnToolsVersion = 15.0;
					};
					3A356FAFFA1546BA87839A64 = {
						CreatedOnToolsVersion = 15.0;
					};
				};
			};
			buildConfigurationList = 877640B7501B4315837CFF98 /* Build configuration list for PBXProject "CocoaRestClient" */;
			compatibilityVersion = "Xcode 14.0";
			developmentRegion = en;
			hasScannedForEncodings = 0;
			knownRegions = (
				en,
				Base,
			);
			mainGroup = E6A8C56AA8CD469FA0336406;
			productRefGroup = E50680046D8947E897022A47 /* Products */;
			projectDirPath = "";
			projectRoot = "";
			targets = (
				28F66AE2785743B6869658CE /* CocoaRestClientCore */,
				5CE6C2AB183C4812AAAFAC4D /* CocoaRestClient */,
				3A356FAFFA1546BA87839A64 /* CocoaRestClientTests */,
			);
		};
/* End PBXProject section */

/* Begin PBXResourcesBuildPhase section */
		480E6867999A4977AA46FC59 /* Resources */ = {
			isa = PBXResourcesBuildPhase;
			buildActionMask = 2147483647;
			files = (
				925A7BEC8B9A4A6AB84E680E /* Assets.xcassets in Resources */,
				66429C37000F457597956C23 /* AppIcon.icns in Resources */,
			);
			runOnlyForDeploymentPostprocessing = 0;
		};
/* End PBXResourcesBuildPhase section */

/* Begin PBXSourcesBuildPhase section */
		7CAA73BF07C044E1AE8FB5C1 /* Sources */ = {
			isa = PBXSourcesBuildPhase;
			buildActionMask = 2147483647;
			files = (
				8135B013EDE04E9E935B4AAE /* Authentication.swift in Sources */,
				D10AFA42876A43FB80BAA0FC /* CRCConstants.swift in Sources */,
				C80521C116364150ADA4C961 /* EnvironmentProfile.swift in Sources */,
				50E1311C29E04A868348869F /* FileAttachment.swift in Sources */,
				35A207682D0C4EBE9BE29313 /* HTTPMethod.swift in Sources */,
				02EF17ED04E447E7A9C04334 /* HistoryItem.swift in Sources */,
				CFD0B583BF954AE0B7BB3736 /* KeyValuePair.swift in Sources */,
				1BB9D50588C84D9F986E0578 /* RequestFolder.swift in Sources */,
				2082E62466C243038028D0D7 /* RestRequest.swift in Sources */,
				EDB558D97A7B414AADC6C674 /* CodeGenerator.swift in Sources */,
				4B31162E1A244FCCBF134C5B /* CurlCommandGenerator.swift in Sources */,
				69F89B9CC55A4D36A03F5C86 /* CurlParser.swift in Sources */,
				2B082EB30C364F0ABD1549B3 /* DiffEngine.swift in Sources */,
				CC65019AAB8442B8B938CCF1 /* EnvironmentStore.swift in Sources */,
				88F010D12F2E41179D71FAF5 /* EnvironmentVariableResolver.swift in Sources */,
				A107EC0F0C76486688BEC947 /* HistoryStore.swift in Sources */,
				6FED320E9A094825BA3F4454 /* NetworkEngine.swift in Sources */,
				7EE6EA575A5145FCB2720E46 /* RequestBodyBuilder.swift in Sources */,
				6A01C9D72CD74AA3BD32E0D1 /* ResponseFormatter.swift in Sources */,
				0330F6D03DAD411C8149C93A /* SavedRequestsStore.swift in Sources */,
				EAFADE2E4A6947C7B70064C9 /* SyntaxHighlighter.swift in Sources */,
			);
			runOnlyForDeploymentPostprocessing = 0;
		};
		773EFF7EF234460A894235F3 /* Sources */ = {
			isa = PBXSourcesBuildPhase;
			buildActionMask = 2147483647;
			files = (
				D123F8EE58BF4D42846993DA /* CocoaRestClientApp.swift in Sources */,
				FF4795476BE2496FB8186600 /* DiffViewModel.swift in Sources */,
				6794D64746274E88B2241EF8 /* EnvironmentViewModel.swift in Sources */,
				14DF41EEC48C40EEBD3B845C /* HistoryViewModel.swift in Sources */,
				2B406332706E4B1CB8A8C7C6 /* PreferencesViewModel.swift in Sources */,
				89B2F2DA0C054095B9EBF0AE /* RequestTabViewModel.swift in Sources */,
				0471F10F30EC405A91736B00 /* SavedRequestsViewModel.swift in Sources */,
				374DA74DACC8465BB64F09BB /* WorkspaceViewModel.swift in Sources */,
				6828D15BA0D14253B62F7752 /* KeyValueEditorTable.swift in Sources */,
				7AD17328706149AA9230AB63 /* StatusBadgeView.swift in Sources */,
				7309A26891E54D8F88B6320E /* SyntaxTextEditorView.swift in Sources */,
				C6BC433B8BF948F7B55DC37A /* MainView.swift in Sources */,
				1E2624DEB5584903A527453B /* CodeGeneratorSheetView.swift in Sources */,
				8A992DEF876649F3B5C57A17 /* CurlImportSheetView.swift in Sources */,
				5AAA1369FD52491BA5A4D0C6 /* DiffSheetView.swift in Sources */,
				8221E32C98EC4296A1587963 /* EnvironmentManagerSheetView.swift in Sources */,
				2292187470C44F7EBC047A7E /* ExportImportSheetView.swift in Sources */,
				768581202F4443BCA6388472 /* FastSearchSheetView.swift in Sources */,
				0E3D8CEC991E4B9E86605223 /* SaveRequestSheetView.swift in Sources */,
				AFC3559324684A4D98E2765E /* PreferencesView.swift in Sources */,
				A2BF5663BB5B4C1FB5C3C94E /* AuthEditorView.swift in Sources */,
				0FB1F9D64CFD4CD1B7022CFA /* FilesTableView.swift in Sources */,
				039934C0E2BE4A89A92C4207 /* GraphQLBodyEditorView.swift in Sources */,
				4069B873F1874DB8B23C5FFE /* HeadersTableView.swift in Sources */,
				58ADD2203D07489EB47A4118 /* ParamsTableView.swift in Sources */,
				4072906DC3194EFC84CD91AC /* RequestBodyEditorView.swift in Sources */,
				C321119A165B4D15AF8ED39E /* RequestHeaderBar.swift in Sources */,
				E01A3FB029F64F79BCDA966B /* HTMLPreviewView.swift in Sources */,
				6F08E470A8B448B98ED3F7B8 /* ImageViewerView.swift in Sources */,
				ECEB2E2115BF485B92D4D12B /* ResponseHeadersView.swift in Sources */,
				D52556893AE148B89B3B9882 /* ResponseViewerView.swift in Sources */,
				CAD8C921552A45D0941314E4 /* SentHeadersView.swift in Sources */,
				D5FABFC13E3042F6A60A57D9 /* HistorySidebarView.swift in Sources */,
				84FF6E109B724FA19D022185 /* SavedRequestsSidebarView.swift in Sources */,
			);
			runOnlyForDeploymentPostprocessing = 0;
		};
		46D2D1F8DDD74E01880D8112 /* Sources */ = {
			isa = PBXSourcesBuildPhase;
			buildActionMask = 2147483647;
			files = (
				D74956858B0349F99A6F5F6E /* CodeGeneratorTests.swift in Sources */,
				033DF1C589D04F5BAEED2C36 /* CurlCommandGeneratorTests.swift in Sources */,
				21039E1EE654444A86845870 /* CurlParserTests.swift in Sources */,
				664964CB1AD943ECBE87E3AC /* DiffEngineTests.swift in Sources */,
				057ACA849698410882484B9F /* EnvironmentStoreTests.swift in Sources */,
				5F545E23BF4F45A686DDEFC8 /* EnvironmentVariableResolverTests.swift in Sources */,
				EB5BBD8F811049B99B438AAF /* HistoryStoreTests.swift in Sources */,
				CED65FD04D184FB6B5858A49 /* NetworkEngineTests.swift in Sources */,
				F8C6D1730E13477690245C06 /* ResponseFormatterTests.swift in Sources */,
				3B5C8455AB1348FB92C27BF8 /* RestRequestTests.swift in Sources */,
				4755D05A7BDC45639FFE71F1 /* SavedRequestsStoreTests.swift in Sources */,
				029A47DD2F694EF493A05EB1 /* SyntaxHighlighterTests.swift in Sources */,
			);
			runOnlyForDeploymentPostprocessing = 0;
		};
/* End PBXSourcesBuildPhase section */

/* Begin PBXTargetDependency section */
		3FBF51815EBF412E8F0039A4 /* PBXTargetDependency */ = {
			isa = PBXTargetDependency;
			target = 28F66AE2785743B6869658CE /* CocoaRestClientCore */;
			targetProxy = C5E3FD4DAA3C4CBB9C7614B0 /* PBXContainerItemProxy */;
		};
		B7D861AB59E34FC4BC04AF70 /* PBXTargetDependency */ = {
			isa = PBXTargetDependency;
			target = 28F66AE2785743B6869658CE /* CocoaRestClientCore */;
			targetProxy = 07474D7EA13F4300AA9B8364 /* PBXContainerItemProxy */;
		};
/* End PBXTargetDependency section */

/* Begin XCBuildConfiguration section */
		8F178151BBF649A2A5FCA7F3 /* Debug */ = {
			isa = XCBuildConfiguration;
			buildSettings = {
				ALWAYS_SEARCH_USER_PATHS = NO;
				CLANG_ANALYZER_NONNULL = YES;
				CLANG_CXX_LANGUAGE_STANDARD = "gnu++20";
				CLANG_ENABLE_MODULES = YES;
				CLANG_ENABLE_OBJC_ARC = YES;
				COPY_PHASE_STRIP = NO;
				DEBUG_INFORMATION_FORMAT = dwarf;
				ENABLE_STRICT_OBJC_MSGSEND = YES;
				ENABLE_TESTABILITY = YES;
				GCC_DYNAMIC_NO_PIC = NO;
				GCC_OPTIMIZATION_LEVEL = 0;
				GCC_PREPROCESSOR_DEFINITIONS = (
					"DEBUG=1",
					"$(inherited)",
				);
				MACOSX_DEPLOYMENT_TARGET = 13.0;
				MTL_ENABLE_DEBUG_INFO = INCLUDE_SOURCE;
				MTL_FAST_MATH = YES;
				ONLY_ACTIVE_ARCH = YES;
				SDKROOT = macosx;
				SWIFT_ACTIVE_COMPILATION_CONDITIONS = DEBUG;
				SWIFT_OPTIMIZATION_LEVEL = "-Onone";
				SWIFT_VERSION = 5.0;
			};
			name = Debug;
		};
		7C72A86F2CAD4449B40A2613 /* Release */ = {
			isa = XCBuildConfiguration;
			buildSettings = {
				ALWAYS_SEARCH_USER_PATHS = NO;
				CLANG_ANALYZER_NONNULL = YES;
				CLANG_CXX_LANGUAGE_STANDARD = "gnu++20";
				CLANG_ENABLE_MODULES = YES;
				CLANG_ENABLE_OBJC_ARC = YES;
				COPY_PHASE_STRIP = NO;
				DEBUG_INFORMATION_FORMAT = "dwarf-with-dsym";
				ENABLE_NS_ASSERTIONS = NO;
				ENABLE_STRICT_OBJC_MSGSEND = YES;
				GCC_OPTIMIZATION_LEVEL = s;
				MACOSX_DEPLOYMENT_TARGET = 13.0;
				MTL_FAST_MATH = YES;
				SDKROOT = macosx;
				SWIFT_COMPILATION_MODE = wholemodule;
				SWIFT_OPTIMIZATION_LEVEL = "-O";
				SWIFT_VERSION = 5.0;
			};
			name = Release;
		};
		372033CE0D504F64ABFD1767 /* Debug */ = {
			isa = XCBuildConfiguration;
			buildSettings = {
				COMBINE_HIDPI_IMAGES = YES;
				DEFINES_MODULE = YES;
				EXECUTABLE_PREFIX = "lib";
				MACH_O_TYPE = staticlib;
				PRODUCT_BUNDLE_IDENTIFIER = org.restlesscode.CocoaRestClientCore;
				PRODUCT_NAME = "$(TARGET_NAME:c99extidentifier)";
				SKIP_INSTALL = YES;
				SWIFT_VERSION = 5.0;
			};
			name = Debug;
		};
		2FB64F7F97E1412E882D13B4 /* Release */ = {
			isa = XCBuildConfiguration;
			buildSettings = {
				COMBINE_HIDPI_IMAGES = YES;
				DEFINES_MODULE = YES;
				EXECUTABLE_PREFIX = "lib";
				MACH_O_TYPE = staticlib;
				PRODUCT_BUNDLE_IDENTIFIER = org.restlesscode.CocoaRestClientCore;
				PRODUCT_NAME = "$(TARGET_NAME:c99extidentifier)";
				SKIP_INSTALL = YES;
				SWIFT_VERSION = 5.0;
			};
			name = Release;
		};
		25F792DC61C2438889EEB473 /* Debug */ = {
			isa = XCBuildConfiguration;
			buildSettings = {
				ASSETCATALOG_COMPILER_APPICON_NAME = AppIcon;
				CODE_SIGN_IDENTITY = "-";
				CODE_SIGN_STYLE = Automatic;
				COMBINE_HIDPI_IMAGES = YES;
				ENABLE_HARDENED_RUNTIME = NO;
				INFOPLIST_FILE = "Resources/Info.plist";
				LD_RUNPATH_SEARCH_PATHS = (
					"$(inherited)",
					"@executable_path/../Frameworks",
				);
				PRODUCT_BUNDLE_IDENTIFIER = org.restlesscode.CocoaRestClient;
				PRODUCT_NAME = "$(TARGET_NAME)";
				SWIFT_VERSION = 5.0;
			};
			name = Debug;
		};
		4AD9A05EBC734934BF9C6494 /* Release */ = {
			isa = XCBuildConfiguration;
			buildSettings = {
				ASSETCATALOG_COMPILER_APPICON_NAME = AppIcon;
				CODE_SIGN_IDENTITY = "-";
				CODE_SIGN_STYLE = Automatic;
				COMBINE_HIDPI_IMAGES = YES;
				ENABLE_HARDENED_RUNTIME = NO;
				INFOPLIST_FILE = "Resources/Info.plist";
				LD_RUNPATH_SEARCH_PATHS = (
					"$(inherited)",
					"@executable_path/../Frameworks",
				);
				PRODUCT_BUNDLE_IDENTIFIER = org.restlesscode.CocoaRestClient;
				PRODUCT_NAME = "$(TARGET_NAME)";
				SWIFT_VERSION = 5.0;
			};
			name = Release;
		};
		629EB45E6D4D4563AF96FD64 /* Debug */ = {
			isa = XCBuildConfiguration;
			buildSettings = {
				CODE_SIGN_IDENTITY = "-";
				CODE_SIGN_STYLE = Automatic;
				COMBINE_HIDPI_IMAGES = YES;
				ENABLE_HARDENED_RUNTIME = NO;
				GENERATE_INFOPLIST_FILE = YES;
				LD_RUNPATH_SEARCH_PATHS = (
					"$(inherited)",
					"@executable_path/../Frameworks",
					"@loader_path/../Frameworks",
				);
				MACH_O_TYPE = mh_bundle;
				OTHER_CODE_SIGN_FLAGS = "--deep";
				PRODUCT_BUNDLE_IDENTIFIER = org.restlesscode.CocoaRestClientTests;
				PRODUCT_NAME = "$(TARGET_NAME)";
				SWIFT_VERSION = 5.0;
				WRAPPER_EXTENSION = xctest;
			};
			name = Debug;
		};
		FA56E52F224345A78E35C869 /* Release */ = {
			isa = XCBuildConfiguration;
			buildSettings = {
				CODE_SIGN_IDENTITY = "-";
				CODE_SIGN_STYLE = Automatic;
				COMBINE_HIDPI_IMAGES = YES;
				ENABLE_HARDENED_RUNTIME = NO;
				GENERATE_INFOPLIST_FILE = YES;
				LD_RUNPATH_SEARCH_PATHS = (
					"$(inherited)",
					"@executable_path/../Frameworks",
					"@loader_path/../Frameworks",
				);
				MACH_O_TYPE = mh_bundle;
				OTHER_CODE_SIGN_FLAGS = "--deep";
				PRODUCT_BUNDLE_IDENTIFIER = org.restlesscode.CocoaRestClientTests;
				PRODUCT_NAME = "$(TARGET_NAME)";
				SWIFT_VERSION = 5.0;
				WRAPPER_EXTENSION = xctest;
			};
			name = Release;
		};
/* End XCBuildConfiguration section */

/* Begin XCConfigurationList section */
		877640B7501B4315837CFF98 /* Build configuration list for PBXProject "CocoaRestClient" */ = {
			isa = XCConfigurationList;
			buildConfigurations = (
				8F178151BBF649A2A5FCA7F3 /* Debug */,
				7C72A86F2CAD4449B40A2613 /* Release */,
			);
			defaultConfigurationIsVisible = 0;
			defaultConfigurationName = Release;
		};
		8C7282BEDC63481C864B9BC1 /* Build configuration list for PBXNativeTarget "CocoaRestClientCore" */ = {
			isa = XCConfigurationList;
			buildConfigurations = (
				372033CE0D504F64ABFD1767 /* Debug */,
				2FB64F7F97E1412E882D13B4 /* Release */,
			);
			defaultConfigurationIsVisible = 0;
			defaultConfigurationName = Release;
		};
		BC4DF65F7A52432680EE29BF /* Build configuration list for PBXNativeTarget "CocoaRestClient" */ = {
			isa = XCConfigurationList;
			buildConfigurations = (
				25F792DC61C2438889EEB473 /* Debug */,
				4AD9A05EBC734934BF9C6494 /* Release */,
			);
			defaultConfigurationIsVisible = 0;
			defaultConfigurationName = Release;
		};
		20A2A523624846638332D52B /* Build configuration list for PBXNativeTarget "CocoaRestClientTests" */ = {
			isa = XCConfigurationList;
			buildConfigurations = (
				629EB45E6D4D4563AF96FD64 /* Debug */,
				FA56E52F224345A78E35C869 /* Release */,
			);
			defaultConfigurationIsVisible = 0;
			defaultConfigurationName = Release;
		};
/* End XCConfigurationList section */

	};
	rootObject = 98F6EB8E70A84F109C626DDF /* Project object */;
}
