// !$*UTF8*$!
{
	archiveVersion = 1;
	classes = {
	};
	objectVersion = 70;
	objects = {

/* Begin PBXBuildFile section */
		00106366C4DA4676A1F5D676 /* libCocoaRestClientCore.a in Frameworks */ = {isa = PBXBuildFile; fileRef = 4D53F80CC6B446D298BA05AF /* libCocoaRestClientCore.a */; };
		7173AD4B3D6A4D41A75AF869 /* libCocoaRestClientCore.a in Frameworks */ = {isa = PBXBuildFile; fileRef = 4D53F80CC6B446D298BA05AF /* libCocoaRestClientCore.a */; };
/* End PBXBuildFile section */

/* Begin PBXContainerItemProxy section */
		3EF392ABDB6249A0B8CDFCC1 /* PBXContainerItemProxy */ = {
			isa = PBXContainerItemProxy;
			containerPortal = 16C4EE5BA1B841BFBC274C6C /* Project object */;
			proxyType = 1;
			remoteGlobalIDString = BA4B0A67A240423AA10B3A5A;
			remoteInfo = CocoaRestClientCore;
		};
		87AB8A4E4ED84FF6A1BBD521 /* PBXContainerItemProxy */ = {
			isa = PBXContainerItemProxy;
			containerPortal = 16C4EE5BA1B841BFBC274C6C /* Project object */;
			proxyType = 1;
			remoteGlobalIDString = BA4B0A67A240423AA10B3A5A;
			remoteInfo = CocoaRestClientCore;
		};
/* End PBXContainerItemProxy section */

/* Begin PBXFileReference section */
		28ED4B4290F54ED8879A99A2 /* CocoaRestClient.app */ = {isa = PBXFileReference; explicitFileType = wrapper.application; includeInIndex = 0; path = CocoaRestClient.app; sourceTree = BUILT_PRODUCTS_DIR; };
		4D53F80CC6B446D298BA05AF /* libCocoaRestClientCore.a */ = {isa = PBXFileReference; explicitFileType = archive.ar; includeInIndex = 0; path = libCocoaRestClientCore.a; sourceTree = BUILT_PRODUCTS_DIR; };
		67B1A2F17F334730AA2667E1 /* CocoaRestClientTests.xctest */ = {isa = PBXFileReference; explicitFileType = wrapper.cfbundle; includeInIndex = 0; path = CocoaRestClientTests.xctest; sourceTree = BUILT_PRODUCTS_DIR; };
/* End PBXFileReference section */

/* Begin PBXFileSystemSynchronizedBuildFileExceptionSet section */
		A7FF1B0A305014B00079BCEB /* PBXFileSystemSynchronizedBuildFileExceptionSet */ = {
			isa = PBXFileSystemSynchronizedBuildFileExceptionSet;
			membershipExceptions = (
				AppIcon.icns,
				Assets.xcassets,
			);
			target = 84A7EA911A914D92B1794C1A /* CocoaRestClient */;
		};
/* End PBXFileSystemSynchronizedBuildFileExceptionSet section */

/* Begin PBXFileSystemSynchronizedRootGroup section */
		A7FF1A85305014A80079BCEB /* CocoaRestClient */ = {isa = PBXFileSystemSynchronizedRootGroup; explicitFileTypes = {}; explicitFolders = (); name = CocoaRestClient; path = Sources/CocoaRestClient; sourceTree = "<group>"; };
		A7FF1ADB305014AB0079BCEB /* CocoaRestClientCore */ = {isa = PBXFileSystemSynchronizedRootGroup; explicitFileTypes = {}; explicitFolders = (); name = CocoaRestClientCore; path = Sources/CocoaRestClientCore; sourceTree = "<group>"; };
		A7FF1B07305014AF0079BCEB /* Resources */ = {isa = PBXFileSystemSynchronizedRootGroup; exceptions = (A7FF1B0A305014B00079BCEB /* PBXFileSystemSynchronizedBuildFileExceptionSet */, ); explicitFileTypes = {}; explicitFolders = (); path = Resources; sourceTree = "<group>"; };
		A7FF1B1F305014B70079BCEB /* CocoaRestClientTests */ = {isa = PBXFileSystemSynchronizedRootGroup; explicitFileTypes = {}; explicitFolders = (); name = CocoaRestClientTests; path = Tests/CocoaRestClientTests; sourceTree = "<group>"; };
/* End PBXFileSystemSynchronizedRootGroup section */

/* Begin PBXFrameworksBuildPhase section */
		14772CCEB0B445CAB915AB4E /* Frameworks */ = {
			isa = PBXFrameworksBuildPhase;
			buildActionMask = 2147483647;
			files = (
			);
			runOnlyForDeploymentPostprocessing = 0;
		};
		4D8294CD9AF0487C86582002 /* Frameworks */ = {
			isa = PBXFrameworksBuildPhase;
			buildActionMask = 2147483647;
			files = (
				7173AD4B3D6A4D41A75AF869 /* libCocoaRestClientCore.a in Frameworks */,
			);
			runOnlyForDeploymentPostprocessing = 0;
		};
		E7D9025B6A4F46839CB2BAEE /* Frameworks */ = {
			isa = PBXFrameworksBuildPhase;
			buildActionMask = 2147483647;
			files = (
				00106366C4DA4676A1F5D676 /* libCocoaRestClientCore.a in Frameworks */,
			);
			runOnlyForDeploymentPostprocessing = 0;
		};
/* End PBXFrameworksBuildPhase section */

/* Begin PBXGroup section */
		4033096C71344157AA28AC9D /* Products */ = {
			isa = PBXGroup;
			children = (
				28ED4B4290F54ED8879A99A2 /* CocoaRestClient.app */,
				4D53F80CC6B446D298BA05AF /* libCocoaRestClientCore.a */,
				67B1A2F17F334730AA2667E1 /* CocoaRestClientTests.xctest */,
			);
			name = Products;
			sourceTree = "<group>";
		};
		C5FF6A3D7B7640E4BB71C610 = {
			isa = PBXGroup;
			children = (
				A7FF1A85305014A80079BCEB /* CocoaRestClient */,
				A7FF1ADB305014AB0079BCEB /* CocoaRestClientCore */,
				A7FF1B07305014AF0079BCEB /* Resources */,
				A7FF1B1F305014B70079BCEB /* CocoaRestClientTests */,
				4033096C71344157AA28AC9D /* Products */,
			);
			sourceTree = "<group>";
		};
/* End PBXGroup section */

/* Begin PBXNativeTarget section */
		1E23674BB5A3459ABA5D0D27 /* CocoaRestClientTests */ = {
			isa = PBXNativeTarget;
			buildConfigurationList = 539E7341B8B0467880B70D81 /* Build configuration list for PBXNativeTarget "CocoaRestClientTests" */;
			buildPhases = (
				93ECF37AA40446A9861373E4 /* Sources */,
				E7D9025B6A4F46839CB2BAEE /* Frameworks */,
			);
			buildRules = (
			);
			dependencies = (
				D7A7B1771C3643BBBCE79FB2 /* PBXTargetDependency */,
			);
			fileSystemSynchronizedGroups = (
				A7FF1B1F305014B70079BCEB /* CocoaRestClientTests */,
			);
			name = CocoaRestClientTests;
			productName = CocoaRestClientTests;
			productReference = 67B1A2F17F334730AA2667E1 /* CocoaRestClientTests.xctest */;
			productType = "com.apple.product-type.bundle.unit-test";
		};
		84A7EA911A914D92B1794C1A /* CocoaRestClient */ = {
			isa = PBXNativeTarget;
			buildConfigurationList = 6B704128DEDF4B44B550BE79 /* Build configuration list for PBXNativeTarget "CocoaRestClient" */;
			buildPhases = (
				2CD6FF65217E4286A89B42DF /* Sources */,
				4D8294CD9AF0487C86582002 /* Frameworks */,
				4785866BF49D498BB01D0FDF /* Resources */,
			);
			buildRules = (
			);
			dependencies = (
				C6B81ACA6C8E492182B7087A /* PBXTargetDependency */,
			);
			fileSystemSynchronizedGroups = (
				A7FF1A85305014A80079BCEB /* CocoaRestClient */,
			);
			name = CocoaRestClient;
			productName = CocoaRestClient;
			productReference = 28ED4B4290F54ED8879A99A2 /* CocoaRestClient.app */;
			productType = "com.apple.product-type.application";
		};
		BA4B0A67A240423AA10B3A5A /* CocoaRestClientCore */ = {
			isa = PBXNativeTarget;
			buildConfigurationList = 746B03FD95C642A7A341BED5 /* Build configuration list for PBXNativeTarget "CocoaRestClientCore" */;
			buildPhases = (
				5288F4981A6247EF99373B85 /* Sources */,
				14772CCEB0B445CAB915AB4E /* Frameworks */,
			);
			buildRules = (
			);
			dependencies = (
			);
			fileSystemSynchronizedGroups = (
				A7FF1ADB305014AB0079BCEB /* CocoaRestClientCore */,
			);
			name = CocoaRestClientCore;
			productName = CocoaRestClientCore;
			productReference = 4D53F80CC6B446D298BA05AF /* libCocoaRestClientCore.a */;
			productType = "com.apple.product-type.library.static";
		};
/* End PBXNativeTarget section */

/* Begin PBXProject section */
		16C4EE5BA1B841BFBC274C6C /* Project object */ = {
			isa = PBXProject;
			attributes = {
				BuildIndependentTargetsInParallel = 1;
				LastSwiftUpdateCheck = 1500;
				LastUpgradeCheck = 1500;
				TargetAttributes = {
					1E23674BB5A3459ABA5D0D27 = {
						CreatedOnToolsVersion = 15.0;
					};
					84A7EA911A914D92B1794C1A = {
						CreatedOnToolsVersion = 15.0;
					};
					BA4B0A67A240423AA10B3A5A = {
						CreatedOnToolsVersion = 15.0;
					};
				};
			};
			buildConfigurationList = 7F10851D8D7F43C29594D1E7 /* Build configuration list for PBXProject "CocoaRestClient" */;
			compatibilityVersion = "Xcode 14.0";
			developmentRegion = en;
			hasScannedForEncodings = 0;
			knownRegions = (
				en,
				Base,
			);
			mainGroup = C5FF6A3D7B7640E4BB71C610;
			productRefGroup = 4033096C71344157AA28AC9D /* Products */;
			projectDirPath = "";
			projectRoot = "";
			targets = (
				BA4B0A67A240423AA10B3A5A /* CocoaRestClientCore */,
				84A7EA911A914D92B1794C1A /* CocoaRestClient */,
				1E23674BB5A3459ABA5D0D27 /* CocoaRestClientTests */,
			);
		};
/* End PBXProject section */

/* Begin PBXResourcesBuildPhase section */
		4785866BF49D498BB01D0FDF /* Resources */ = {
			isa = PBXResourcesBuildPhase;
			buildActionMask = 2147483647;
			files = (
			);
			runOnlyForDeploymentPostprocessing = 0;
		};
/* End PBXResourcesBuildPhase section */

/* Begin PBXSourcesBuildPhase section */
		2CD6FF65217E4286A89B42DF /* Sources */ = {
			isa = PBXSourcesBuildPhase;
			buildActionMask = 2147483647;
			files = (
			);
			runOnlyForDeploymentPostprocessing = 0;
		};
		5288F4981A6247EF99373B85 /* Sources */ = {
			isa = PBXSourcesBuildPhase;
			buildActionMask = 2147483647;
			files = (
			);
			runOnlyForDeploymentPostprocessing = 0;
		};
		93ECF37AA40446A9861373E4 /* Sources */ = {
			isa = PBXSourcesBuildPhase;
			buildActionMask = 2147483647;
			files = (
			);
			runOnlyForDeploymentPostprocessing = 0;
		};
/* End PBXSourcesBuildPhase section */

/* Begin PBXTargetDependency section */
		C6B81ACA6C8E492182B7087A /* PBXTargetDependency */ = {
			isa = PBXTargetDependency;
			target = BA4B0A67A240423AA10B3A5A /* CocoaRestClientCore */;
			targetProxy = 87AB8A4E4ED84FF6A1BBD521 /* PBXContainerItemProxy */;
		};
		D7A7B1771C3643BBBCE79FB2 /* PBXTargetDependency */ = {
			isa = PBXTargetDependency;
			target = BA4B0A67A240423AA10B3A5A /* CocoaRestClientCore */;
			targetProxy = 3EF392ABDB6249A0B8CDFCC1 /* PBXContainerItemProxy */;
		};
/* End PBXTargetDependency section */

/* Begin XCBuildConfiguration section */
		09A3BB9E59774B29BBE01435 /* Debug */ = {
			isa = XCBuildConfiguration;
			buildSettings = {
				ALWAYS_SEARCH_USER_PATHS = NO;
				CLANG_ANALYZER_NONNULL = YES;
				CLANG_CXX_LANGUAGE_STANDARD = "gnu++20";
				CLANG_ENABLE_MODULES = YES;
				CLANG_ENABLE_OBJC_ARC = YES;
				COPY_PHASE_STRIP = NO;
				DEBUG_INFORMATION_FORMAT = dwarf;
				ENABLE_STRICT_OBJC_MSGSEND = YES;
				ENABLE_TESTABILITY = YES;
				GCC_DYNAMIC_NO_PIC = NO;
				GCC_OPTIMIZATION_LEVEL = 0;
				GCC_PREPROCESSOR_DEFINITIONS = (
					"DEBUG=1",
					"$(inherited)",
				);
				HEADER_SEARCH_PATHS = (
					"$(inherited)",
					"$(PROJECT_DIR)/Vendor/libgit2.xcframework/macos-arm64_x86_64/Headers",
				);
				LIBRARY_SEARCH_PATHS = (
					"$(inherited)",
					"$(PROJECT_DIR)/Vendor/libgit2.xcframework/macos-arm64_x86_64",
				);
				MACOSX_DEPLOYMENT_TARGET = 13.0;
				MTL_ENABLE_DEBUG_INFO = INCLUDE_SOURCE;
				MTL_FAST_MATH = YES;
				ONLY_ACTIVE_ARCH = YES;
				OTHER_LDFLAGS = (
					"$(inherited)",
					"-lgit2",
					"-liconv",
					"-framework",
					Security,
					"-framework",
					CoreFoundation,
				);
				SDKROOT = macosx;
				SWIFT_ACTIVE_COMPILATION_CONDITIONS = DEBUG;
				SWIFT_INCLUDE_PATHS = "$(inherited) $(PROJECT_DIR)/Vendor/libgit2.xcframework/macos-arm64_x86_64/Headers";
				SWIFT_OPTIMIZATION_LEVEL = "-Onone";
				SWIFT_VERSION = 5.0;
			};
			name = Debug;
		};
		0C8ED430205B409CB51985DF /* Debug */ = {
			isa = XCBuildConfiguration;
			buildSettings = {
				CODE_SIGN_IDENTITY = "-";
				CODE_SIGN_STYLE = Automatic;
				COMBINE_HIDPI_IMAGES = YES;
				ENABLE_HARDENED_RUNTIME = NO;
				GENERATE_INFOPLIST_FILE = YES;
				LD_RUNPATH_SEARCH_PATHS = (
					"$(inherited)",
					"@executable_path/../Frameworks",
					"@loader_path/../Frameworks",
				);
				MACH_O_TYPE = mh_bundle;
				OTHER_CODE_SIGN_FLAGS = "--deep";
				PRODUCT_BUNDLE_IDENTIFIER = org.restlesscode.CocoaRestClientTests;
				PRODUCT_NAME = "$(TARGET_NAME)";
				SWIFT_VERSION = 5.0;
				WRAPPER_EXTENSION = xctest;
			};
			name = Debug;
		};
		670C515DB4984A9CBFF408E8 /* Release */ = {
			isa = XCBuildConfiguration;
			buildSettings = {
				ALWAYS_SEARCH_USER_PATHS = NO;
				CLANG_ANALYZER_NONNULL = YES;
				CLANG_CXX_LANGUAGE_STANDARD = "gnu++20";
				CLANG_ENABLE_MODULES = YES;
				CLANG_ENABLE_OBJC_ARC = YES;
				COPY_PHASE_STRIP = NO;
				DEBUG_INFORMATION_FORMAT = "dwarf-with-dsym";
				ENABLE_NS_ASSERTIONS = NO;
				ENABLE_STRICT_OBJC_MSGSEND = YES;
				GCC_OPTIMIZATION_LEVEL = s;
				HEADER_SEARCH_PATHS = (
					"$(inherited)",
					"$(PROJECT_DIR)/Vendor/libgit2.xcframework/macos-arm64_x86_64/Headers",
				);
				LIBRARY_SEARCH_PATHS = (
					"$(inherited)",
					"$(PROJECT_DIR)/Vendor/libgit2.xcframework/macos-arm64_x86_64",
				);
				MACOSX_DEPLOYMENT_TARGET = 13.0;
				MTL_FAST_MATH = YES;
				OTHER_LDFLAGS = (
					"$(inherited)",
					"-lgit2",
					"-liconv",
					"-framework",
					Security,
					"-framework",
					CoreFoundation,
				);
				SDKROOT = macosx;
				SWIFT_COMPILATION_MODE = wholemodule;
				SWIFT_INCLUDE_PATHS = "$(inherited) $(PROJECT_DIR)/Vendor/libgit2.xcframework/macos-arm64_x86_64/Headers";
				SWIFT_OPTIMIZATION_LEVEL = "-O";
				SWIFT_VERSION = 5.0;
			};
			name = Release;
		};
		6F933A82368A40CF9875C6E5 /* Release */ = {
			isa = XCBuildConfiguration;
			buildSettings = {
				COMBINE_HIDPI_IMAGES = YES;
				DEFINES_MODULE = YES;
				EXECUTABLE_PREFIX = lib;
				MACH_O_TYPE = staticlib;
				PRODUCT_BUNDLE_IDENTIFIER = org.restlesscode.CocoaRestClientCore;
				PRODUCT_NAME = "$(TARGET_NAME:c99extidentifier)";
				SKIP_INSTALL = YES;
				SWIFT_VERSION = 5.0;
			};
			name = Release;
		};
		90D1B79DEADF42A39AB1BFA4 /* Debug */ = {
			isa = XCBuildConfiguration;
			buildSettings = {
				COMBINE_HIDPI_IMAGES = YES;
				DEFINES_MODULE = YES;
				EXECUTABLE_PREFIX = lib;
				MACH_O_TYPE = staticlib;
				PRODUCT_BUNDLE_IDENTIFIER = org.restlesscode.CocoaRestClientCore;
				PRODUCT_NAME = "$(TARGET_NAME:c99extidentifier)";
				SKIP_INSTALL = YES;
				SWIFT_VERSION = 5.0;
			};
			name = Debug;
		};
		9BBB262120394171A2A758ED /* Release */ = {
			isa = XCBuildConfiguration;
			buildSettings = {
				CODE_SIGN_IDENTITY = "-";
				CODE_SIGN_STYLE = Automatic;
				COMBINE_HIDPI_IMAGES = YES;
				ENABLE_HARDENED_RUNTIME = NO;
				GENERATE_INFOPLIST_FILE = YES;
				LD_RUNPATH_SEARCH_PATHS = (
					"$(inherited)",
					"@executable_path/../Frameworks",
					"@loader_path/../Frameworks",
				);
				MACH_O_TYPE = mh_bundle;
				OTHER_CODE_SIGN_FLAGS = "--deep";
				PRODUCT_BUNDLE_IDENTIFIER = org.restlesscode.CocoaRestClientTests;
				PRODUCT_NAME = "$(TARGET_NAME)";
				SWIFT_VERSION = 5.0;
				WRAPPER_EXTENSION = xctest;
			};
			name = Release;
		};
		E2BAA306CEFF4A51B0BC630C /* Release */ = {
			isa = XCBuildConfiguration;
			buildSettings = {
				ASSETCATALOG_COMPILER_APPICON_NAME = AppIcon;
				CODE_SIGN_ENTITLEMENTS = Resources/CocoaRestClient.entitlements;
				CODE_SIGN_IDENTITY = "Apple Development";
				CODE_SIGN_STYLE = Automatic;
				COMBINE_HIDPI_IMAGES = YES;
				DEVELOPMENT_TEAM = J299H8YWF8;
				ENABLE_HARDENED_RUNTIME = YES;
				INFOPLIST_FILE = Resources/Info.plist;
				INFOPLIST_KEY_LSApplicationCategoryType = "public.app-category.developer-tools";
				LD_RUNPATH_SEARCH_PATHS = (
					"$(inherited)",
					"@executable_path/../Frameworks",
				);
				PRODUCT_BUNDLE_IDENTIFIER = com.utc.rest.api;
				PRODUCT_NAME = "$(TARGET_NAME)";
				PROVISIONING_PROFILE_SPECIFIER = "";
				SWIFT_VERSION = 5.0;
			};
			name = Release;
		};
		EA07992218FB43809C00AFBE /* Debug */ = {
			isa = XCBuildConfiguration;
			buildSettings = {
				ASSETCATALOG_COMPILER_APPICON_NAME = AppIcon;
				CODE_SIGN_ENTITLEMENTS = Resources/CocoaRestClient.entitlements;
				CODE_SIGN_IDENTITY = "Apple Development";
				CODE_SIGN_STYLE = Automatic;
				COMBINE_HIDPI_IMAGES = YES;
				DEVELOPMENT_TEAM = J299H8YWF8;
				ENABLE_HARDENED_RUNTIME = YES;
				INFOPLIST_FILE = Resources/Info.plist;
				INFOPLIST_KEY_LSApplicationCategoryType = "public.app-category.developer-tools";
				LD_RUNPATH_SEARCH_PATHS = (
					"$(inherited)",
					"@executable_path/../Frameworks",
				);
				PRODUCT_BUNDLE_IDENTIFIER = com.utc.rest.api;
				PRODUCT_NAME = "$(TARGET_NAME)";
				PROVISIONING_PROFILE_SPECIFIER = "";
				SWIFT_VERSION = 5.0;
			};
			name = Debug;
		};
/* End XCBuildConfiguration section */

/* Begin XCConfigurationList section */
		539E7341B8B0467880B70D81 /* Build configuration list for PBXNativeTarget "CocoaRestClientTests" */ = {
			isa = XCConfigurationList;
			buildConfigurations = (
				0C8ED430205B409CB51985DF /* Debug */,
				9BBB262120394171A2A758ED /* Release */,
			);
			defaultConfigurationIsVisible = 0;
			defaultConfigurationName = Release;
		};
		6B704128DEDF4B44B550BE79 /* Build configuration list for PBXNativeTarget "CocoaRestClient" */ = {
			isa = XCConfigurationList;
			buildConfigurations = (
				EA07992218FB43809C00AFBE /* Debug */,
				E2BAA306CEFF4A51B0BC630C /* Release */,
			);
			defaultConfigurationIsVisible = 0;
			defaultConfigurationName = Release;
		};
		746B03FD95C642A7A341BED5 /* Build configuration list for PBXNativeTarget "CocoaRestClientCore" */ = {
			isa = XCConfigurationList;
			buildConfigurations = (
				90D1B79DEADF42A39AB1BFA4 /* Debug */,
				6F933A82368A40CF9875C6E5 /* Release */,
			);
			defaultConfigurationIsVisible = 0;
			defaultConfigurationName = Release;
		};
		7F10851D8D7F43C29594D1E7 /* Build configuration list for PBXProject "CocoaRestClient" */ = {
			isa = XCConfigurationList;
			buildConfigurations = (
				09A3BB9E59774B29BBE01435 /* Debug */,
				670C515DB4984A9CBFF408E8 /* Release */,
			);
			defaultConfigurationIsVisible = 0;
			defaultConfigurationName = Release;
		};
/* End XCConfigurationList section */
	};
	rootObject = 16C4EE5BA1B841BFBC274C6C /* Project object */;
}
